// !$*UTF8*$!
{
	archiveVersion = 1;
	classes = {
	};
	objectVersion = 56;
	objects = {

/* Begin PBXBuildFile section */
		0440583A2AB309EB002C994B /* LibraryView.swift in Sources */ = {isa = PBXBuildFile; fileRef = 044058392AB309EB002C994B /* LibraryView.swift */; };
		044058482AB70199002C994B /* SearchBarView.swift in Sources */ = {isa = PBXBuildFile; fileRef = 044058472AB70199002C994B /* SearchBarView.swift */; };
		0440584A2AB701C3002C994B /* PlaylistUpdateSheet.swift in Sources */ = {isa = PBXBuildFile; fileRef = 044058492AB701C3002C994B /* PlaylistUpdateSheet.swift */; };
		0440584C2AB70200002C994B /* PlaylistView.swift in Sources */ = {isa = PBXBuildFile; fileRef = 0440584B2AB70200002C994B /* PlaylistView.swift */; };
		0440584E2AB70250002C994B /* AddTracksToPlayListView.swift in Sources */ = {isa = PBXBuildFile; fileRef = 0440584D2AB70250002C994B /* AddTracksToPlayListView.swift */; };
		049B57162AB75BD6005809B5 /* EditPlaylistView.swift in Sources */ = {isa = PBXBuildFile; fileRef = 049B57152AB75BD6005809B5 /* EditPlaylistView.swift */; };
		04E149B42AAF4B3500BF6229 /* PlayMusicView.swift in Sources */ = {isa = PBXBuildFile; fileRef = 04E149B32AAF4B3500BF6229 /* PlayMusicView.swift */; };
		04E149C12AAF4D5000BF6229 /* Gotham-Book.otf in Resources */ = {isa = PBXBuildFile; fileRef = 04E149B72AAF4D4F00BF6229 /* Gotham-Book.otf */; };
		04E149C22AAF4D5000BF6229 /* Gotham-Bold.otf in Resources */ = {isa = PBXBuildFile; fileRef = 04E149B82AAF4D4F00BF6229 /* Gotham-Bold.otf */; };
		04E149C32AAF4D5000BF6229 /* Gotham-BookItalic.otf in Resources */ = {isa = PBXBuildFile; fileRef = 04E149B92AAF4D5000BF6229 /* Gotham-BookItalic.otf */; };
		04E149C42AAF4D5000BF6229 /* Gotham-Medium.otf in Resources */ = {isa = PBXBuildFile; fileRef = 04E149BA2AAF4D5000BF6229 /* Gotham-Medium.otf */; };
		04E149C52AAF4D5000BF6229 /* Gotham-BlackItalic.otf in Resources */ = {isa = PBXBuildFile; fileRef = 04E149BB2AAF4D5000BF6229 /* Gotham-BlackItalic.otf */; };
		04E149C62AAF4D5000BF6229 /* Gotham-BoldItalic.otf in Resources */ = {isa = PBXBuildFile; fileRef = 04E149BC2AAF4D5000BF6229 /* Gotham-BoldItalic.otf */; };
		04E149C72AAF4D5000BF6229 /* Gotham-Black.otf in Resources */ = {isa = PBXBuildFile; fileRef = 04E149BD2AAF4D5000BF6229 /* Gotham-Black.otf */; };
		04E149C82AAF4D5000BF6229 /* Gotham-MediumItalic.otf in Resources */ = {isa = PBXBuildFile; fileRef = 04E149BE2AAF4D5000BF6229 /* Gotham-MediumItalic.otf */; };
		04E149C92AAF4D5000BF6229 /* Gotham-Light.otf in Resources */ = {isa = PBXBuildFile; fileRef = 04E149BF2AAF4D5000BF6229 /* Gotham-Light.otf */; };
		04E149CA2AAF4D5000BF6229 /* Gotham-LightItalic.otf in Resources */ = {isa = PBXBuildFile; fileRef = 04E149C02AAF4D5000BF6229 /* Gotham-LightItalic.otf */; };
		04E149CC2AAF52A700BF6229 /* HeartButtonView.swift in Sources */ = {isa = PBXBuildFile; fileRef = 04E149CB2AAF52A700BF6229 /* HeartButtonView.swift */; };
		04E149D32AB03CEE00BF6229 /* ListRowView.swift in Sources */ = {isa = PBXBuildFile; fileRef = 04E149D22AB03CEE00BF6229 /* ListRowView.swift */; };
		04E149D52AB0447000BF6229 /* QueueVIew.swift in Sources */ = {isa = PBXBuildFile; fileRef = 04E149D42AB0447000BF6229 /* QueueVIew.swift */; };
		04E149D72AB04DC300BF6229 /* AddToPlaylistView.swift in Sources */ = {isa = PBXBuildFile; fileRef = 04E149D62AB04DC300BF6229 /* AddToPlaylistView.swift */; };
		04E149DB2AB05FDD00BF6229 /* FocusedSearchBarView.swift in Sources */ = {isa = PBXBuildFile; fileRef = 04E149DA2AB05FDD00BF6229 /* FocusedSearchBarView.swift */; };
		04E149DD2AB0A3BF00BF6229 /* NewPlaylistView.swift in Sources */ = {isa = PBXBuildFile; fileRef = 04E149DC2AB0A3BF00BF6229 /* NewPlaylistView.swift */; };
		9958D8502AAF7E6300F5F42E /* viewModiferHelper.swift in Sources */ = {isa = PBXBuildFile; fileRef = 9958D84F2AAF7E6300F5F42E /* viewModiferHelper.swift */; };
		9958D8572AAF841900F5F42E /* SplashScreenView.swift in Sources */ = {isa = PBXBuildFile; fileRef = 9958D8562AAF841900F5F42E /* SplashScreenView.swift */; };
		9958D86D2AB071B300F5F42E /* CustomSecureTextField.swift in Sources */ = {isa = PBXBuildFile; fileRef = 9958D86C2AB071B300F5F42E /* CustomSecureTextField.swift */; };
		9958D86F2AB071BF00F5F42E /* SignUpView.swift in Sources */ = {isa = PBXBuildFile; fileRef = 9958D86E2AB071BF00F5F42E /* SignUpView.swift */; };
		9958D8712AB071E500F5F42E /* LoginView.swift in Sources */ = {isa = PBXBuildFile; fileRef = 9958D8702AB071E500F5F42E /* LoginView.swift */; };
		9958D8732AB0723900F5F42E /* CustomTextFieldView.swift in Sources */ = {isa = PBXBuildFile; fileRef = 9958D8722AB0723800F5F42E /* CustomTextFieldView.swift */; };
		9958D8752AB072F400F5F42E /* LandingPage.swift in Sources */ = {isa = PBXBuildFile; fileRef = 9958D8742AB072F300F5F42E /* LandingPage.swift */; };
		9C2AB8D82AB6EADC0056D5C3 /* SignUpEmailViewModel.swift in Sources */ = {isa = PBXBuildFile; fileRef = 9C2AB8D72AB6EADC0056D5C3 /* SignUpEmailViewModel.swift */; };
		9C575AFD2AB56C7800BE4553 /* FacebookSignInHelper.swift in Sources */ = {isa = PBXBuildFile; fileRef = 9C575AFC2AB56C7800BE4553 /* FacebookSignInHelper.swift */; };
		9C575AFF2AB589D000BE4553 /* FirebaseFirestore in Frameworks */ = {isa = PBXBuildFile; productRef = 9C575AFE2AB589D000BE4553 /* FirebaseFirestore */; };
		9C575B012AB589D000BE4553 /* FirebaseFirestoreSwift in Frameworks */ = {isa = PBXBuildFile; productRef = 9C575B002AB589D000BE4553 /* FirebaseFirestoreSwift */; };
		9C575B042AB58E2700BE4553 /* TempProfileView.swift in Sources */ = {isa = PBXBuildFile; fileRef = 9C575B032AB58E2700BE4553 /* TempProfileView.swift */; };
		9C575B082AB5E97600BE4553 /* UserManager.swift in Sources */ = {isa = PBXBuildFile; fileRef = 9C575B072AB5E97600BE4553 /* UserManager.swift */; };
		9C575B0A2AB5EC3600BE4553 /* AuthenticationViewModel.swift in Sources */ = {isa = PBXBuildFile; fileRef = 9C575B092AB5EC3600BE4553 /* AuthenticationViewModel.swift */; };
		9C9EA7712AB1F4300042ACD5 /* GoogleService-Info.plist in Resources */ = {isa = PBXBuildFile; fileRef = 9C9EA7702AB1F4300042ACD5 /* GoogleService-Info.plist */; };
		9C9EA7742AB1F4720042ACD5 /* GoogleSignIn in Frameworks */ = {isa = PBXBuildFile; productRef = 9C9EA7732AB1F4720042ACD5 /* GoogleSignIn */; };
		9C9EA7762AB1F4720042ACD5 /* GoogleSignInSwift in Frameworks */ = {isa = PBXBuildFile; productRef = 9C9EA7752AB1F4720042ACD5 /* GoogleSignInSwift */; };
		9C9EA7782AB21B4A0042ACD5 /* GoogleSignInHelper.swift in Sources */ = {isa = PBXBuildFile; fileRef = 9C9EA7772AB21B4A0042ACD5 /* GoogleSignInHelper.swift */; };
		9CB48F2E2AADA67300A07591 /* RootView.swift in Sources */ = {isa = PBXBuildFile; fileRef = 9CB48F2D2AADA67300A07591 /* RootView.swift */; };
		9CB48F302AADA7D400A07591 /* TempSettingsView.swift in Sources */ = {isa = PBXBuildFile; fileRef = 9CB48F2F2AADA7D400A07591 /* TempSettingsView.swift */; };
		9CD5585F2AAC4F2B0058A5C3 /* Assignment3App.swift in Sources */ = {isa = PBXBuildFile; fileRef = 9CD5585E2AAC4F2B0058A5C3 /* Assignment3App.swift */; };
		9CD558612AAC4F2B0058A5C3 /* ContentView.swift in Sources */ = {isa = PBXBuildFile; fileRef = 9CD558602AAC4F2B0058A5C3 /* ContentView.swift */; };
		9CD558632AAC4F2C0058A5C3 /* Assets.xcassets in Resources */ = {isa = PBXBuildFile; fileRef = 9CD558622AAC4F2C0058A5C3 /* Assets.xcassets */; };
		9CD558662AAC4F2C0058A5C3 /* Preview Assets.xcassets in Resources */ = {isa = PBXBuildFile; fileRef = 9CD558652AAC4F2C0058A5C3 /* Preview Assets.xcassets */; };
		9CD558702AAC50470058A5C3 /* FirebaseAnalytics in Frameworks */ = {isa = PBXBuildFile; productRef = 9CD5586F2AAC50470058A5C3 /* FirebaseAnalytics */; };
		9CD558722AAC50470058A5C3 /* FirebaseAnalyticsSwift in Frameworks */ = {isa = PBXBuildFile; productRef = 9CD558712AAC50470058A5C3 /* FirebaseAnalyticsSwift */; };
		9CF2DCD82AB348D4000AEDDB /* FacebookCore in Frameworks */ = {isa = PBXBuildFile; productRef = 9CF2DCD72AB348D4000AEDDB /* FacebookCore */; };
		9CF2DCDA2AB348D4000AEDDB /* FacebookLogin in Frameworks */ = {isa = PBXBuildFile; productRef = 9CF2DCD92AB348D4000AEDDB /* FacebookLogin */; };
		9CFE5E792AAC5DBB0000A801 /* TemporarySignUpView.swift in Sources */ = {isa = PBXBuildFile; fileRef = 9CFE5E782AAC5DBB0000A801 /* TemporarySignUpView.swift */; };
		9CFE5E7D2AAC5F940000A801 /* FirebaseAuth in Frameworks */ = {isa = PBXBuildFile; productRef = 9CFE5E7C2AAC5F940000A801 /* FirebaseAuth */; };
		9CFE5E7F2AAC610E0000A801 /* TempAuthenticationView.swift in Sources */ = {isa = PBXBuildFile; fileRef = 9CFE5E7E2AAC610E0000A801 /* TempAuthenticationView.swift */; };
		9CFE5E822AAC63E60000A801 /* AuthenticationManager.swift in Sources */ = {isa = PBXBuildFile; fileRef = 9CFE5E812AAC63E60000A801 /* AuthenticationManager.swift */; };
		F514FA8B2AB1ACAA00A48228 /* SquareView.swift in Sources */ = {isa = PBXBuildFile; fileRef = F514FA8A2AB1ACA900A48228 /* SquareView.swift */; };
		F514FA902AB1B7DF00A48228 /* AlbumView.swift in Sources */ = {isa = PBXBuildFile; fileRef = F514FA8F2AB1B7DF00A48228 /* AlbumView.swift */; };
		F514FA922AB1B9E300A48228 /* HomeView.swift in Sources */ = {isa = PBXBuildFile; fileRef = F514FA912AB1B9E300A48228 /* HomeView.swift */; };
		F514FA942AB1BB4600A48228 /* Utils.swift in Sources */ = {isa = PBXBuildFile; fileRef = F514FA932AB1BB4600A48228 /* Utils.swift */; };
		F5BD94FA2AB415EE0015B48C /* MusicView.swift in Sources */ = {isa = PBXBuildFile; fileRef = F5BD94F92AB415EE0015B48C /* MusicView.swift */; };
		F5BD94FD2AB41DAD0015B48C /* RootViewTemp.swift in Sources */ = {isa = PBXBuildFile; fileRef = F5BD94FC2AB41DAD0015B48C /* RootViewTemp.swift */; };
		F5BD95002AB41E760015B48C /* SearchView.swift in Sources */ = {isa = PBXBuildFile; fileRef = F5BD94FF2AB41E760015B48C /* SearchView.swift */; };
		F5BD95072AB4278F0015B48C /* SettingView.swift in Sources */ = {isa = PBXBuildFile; fileRef = F5BD95062AB4278F0015B48C /* SettingView.swift */; };
		F5BD95092AB42E800015B48C /* ViewProfileView.swift in Sources */ = {isa = PBXBuildFile; fileRef = F5BD95082AB42E800015B48C /* ViewProfileView.swift */; };
		F5BD950B2AB436210015B48C /* EditProfileView.swift in Sources */ = {isa = PBXBuildFile; fileRef = F5BD950A2AB436210015B48C /* EditProfileView.swift */; };
		F5BD950F2AB443DC0015B48C /* EditModalLeaveConfirmView.swift in Sources */ = {isa = PBXBuildFile; fileRef = F5BD950E2AB443DC0015B48C /* EditModalLeaveConfirmView.swift */; };
		F5BD95112AB451B80015B48C /* ImageModal.swift in Sources */ = {isa = PBXBuildFile; fileRef = F5BD95102AB451B80015B48C /* ImageModal.swift */; };
/* End PBXBuildFile section */

/* Begin PBXFileReference section */
		044058392AB309EB002C994B /* LibraryView.swift */ = {isa = PBXFileReference; lastKnownFileType = sourcecode.swift; path = LibraryView.swift; sourceTree = "<group>"; };
		044058472AB70199002C994B /* SearchBarView.swift */ = {isa = PBXFileReference; lastKnownFileType = sourcecode.swift; path = SearchBarView.swift; sourceTree = "<group>"; };
		044058492AB701C3002C994B /* PlaylistUpdateSheet.swift */ = {isa = PBXFileReference; lastKnownFileType = sourcecode.swift; path = PlaylistUpdateSheet.swift; sourceTree = "<group>"; };
		0440584B2AB70200002C994B /* PlaylistView.swift */ = {isa = PBXFileReference; lastKnownFileType = sourcecode.swift; path = PlaylistView.swift; sourceTree = "<group>"; };
		0440584D2AB70250002C994B /* AddTracksToPlayListView.swift */ = {isa = PBXFileReference; lastKnownFileType = sourcecode.swift; path = AddTracksToPlayListView.swift; sourceTree = "<group>"; };
		049B57152AB75BD6005809B5 /* EditPlaylistView.swift */ = {isa = PBXFileReference; lastKnownFileType = sourcecode.swift; path = EditPlaylistView.swift; sourceTree = "<group>"; };
		04E149B22AAF4A8400BF6229 /* Info.plist */ = {isa = PBXFileReference; lastKnownFileType = text.plist.xml; path = Info.plist; sourceTree = "<group>"; };
		04E149B32AAF4B3500BF6229 /* PlayMusicView.swift */ = {isa = PBXFileReference; lastKnownFileType = sourcecode.swift; path = PlayMusicView.swift; sourceTree = "<group>"; };
		04E149B72AAF4D4F00BF6229 /* Gotham-Book.otf */ = {isa = PBXFileReference; lastKnownFileType = file; path = "Gotham-Book.otf"; sourceTree = "<group>"; };
		04E149B82AAF4D4F00BF6229 /* Gotham-Bold.otf */ = {isa = PBXFileReference; lastKnownFileType = file; path = "Gotham-Bold.otf"; sourceTree = "<group>"; };
		04E149B92AAF4D5000BF6229 /* Gotham-BookItalic.otf */ = {isa = PBXFileReference; lastKnownFileType = file; path = "Gotham-BookItalic.otf"; sourceTree = "<group>"; };
		04E149BA2AAF4D5000BF6229 /* Gotham-Medium.otf */ = {isa = PBXFileReference; lastKnownFileType = file; path = "Gotham-Medium.otf"; sourceTree = "<group>"; };
		04E149BB2AAF4D5000BF6229 /* Gotham-BlackItalic.otf */ = {isa = PBXFileReference; lastKnownFileType = file; path = "Gotham-BlackItalic.otf"; sourceTree = "<group>"; };
		04E149BC2AAF4D5000BF6229 /* Gotham-BoldItalic.otf */ = {isa = PBXFileReference; lastKnownFileType = file; path = "Gotham-BoldItalic.otf"; sourceTree = "<group>"; };
		04E149BD2AAF4D5000BF6229 /* Gotham-Black.otf */ = {isa = PBXFileReference; lastKnownFileType = file; path = "Gotham-Black.otf"; sourceTree = "<group>"; };
		04E149BE2AAF4D5000BF6229 /* Gotham-MediumItalic.otf */ = {isa = PBXFileReference; lastKnownFileType = file; path = "Gotham-MediumItalic.otf"; sourceTree = "<group>"; };
		04E149BF2AAF4D5000BF6229 /* Gotham-Light.otf */ = {isa = PBXFileReference; lastKnownFileType = file; path = "Gotham-Light.otf"; sourceTree = "<group>"; };
		04E149C02AAF4D5000BF6229 /* Gotham-LightItalic.otf */ = {isa = PBXFileReference; lastKnownFileType = file; path = "Gotham-LightItalic.otf"; sourceTree = "<group>"; };
		04E149CB2AAF52A700BF6229 /* HeartButtonView.swift */ = {isa = PBXFileReference; lastKnownFileType = sourcecode.swift; path = HeartButtonView.swift; sourceTree = "<group>"; };
		04E149D22AB03CEE00BF6229 /* ListRowView.swift */ = {isa = PBXFileReference; lastKnownFileType = sourcecode.swift; path = ListRowView.swift; sourceTree = "<group>"; };
		04E149D42AB0447000BF6229 /* QueueVIew.swift */ = {isa = PBXFileReference; lastKnownFileType = sourcecode.swift; path = QueueVIew.swift; sourceTree = "<group>"; };
		04E149D62AB04DC300BF6229 /* AddToPlaylistView.swift */ = {isa = PBXFileReference; lastKnownFileType = sourcecode.swift; path = AddToPlaylistView.swift; sourceTree = "<group>"; };
		04E149DA2AB05FDD00BF6229 /* FocusedSearchBarView.swift */ = {isa = PBXFileReference; lastKnownFileType = sourcecode.swift; path = FocusedSearchBarView.swift; sourceTree = "<group>"; };
		04E149DC2AB0A3BF00BF6229 /* NewPlaylistView.swift */ = {isa = PBXFileReference; lastKnownFileType = sourcecode.swift; path = NewPlaylistView.swift; sourceTree = "<group>"; };
		9958D84F2AAF7E6300F5F42E /* viewModiferHelper.swift */ = {isa = PBXFileReference; lastKnownFileType = sourcecode.swift; path = viewModiferHelper.swift; sourceTree = "<group>"; };
		9958D8562AAF841900F5F42E /* SplashScreenView.swift */ = {isa = PBXFileReference; lastKnownFileType = sourcecode.swift; path = SplashScreenView.swift; sourceTree = "<group>"; };
		9958D86C2AB071B300F5F42E /* CustomSecureTextField.swift */ = {isa = PBXFileReference; fileEncoding = 4; lastKnownFileType = sourcecode.swift; path = CustomSecureTextField.swift; sourceTree = "<group>"; };
		9958D86E2AB071BF00F5F42E /* SignUpView.swift */ = {isa = PBXFileReference; fileEncoding = 4; lastKnownFileType = sourcecode.swift; path = SignUpView.swift; sourceTree = "<group>"; };
		9958D8702AB071E500F5F42E /* LoginView.swift */ = {isa = PBXFileReference; fileEncoding = 4; lastKnownFileType = sourcecode.swift; path = LoginView.swift; sourceTree = "<group>"; };
		9958D8722AB0723800F5F42E /* CustomTextFieldView.swift */ = {isa = PBXFileReference; fileEncoding = 4; lastKnownFileType = sourcecode.swift; path = CustomTextFieldView.swift; sourceTree = "<group>"; };
		9958D8742AB072F300F5F42E /* LandingPage.swift */ = {isa = PBXFileReference; fileEncoding = 4; lastKnownFileType = sourcecode.swift; path = LandingPage.swift; sourceTree = "<group>"; };
		9C2AB8D72AB6EADC0056D5C3 /* SignUpEmailViewModel.swift */ = {isa = PBXFileReference; lastKnownFileType = sourcecode.swift; path = SignUpEmailViewModel.swift; sourceTree = "<group>"; };
		9C575AFC2AB56C7800BE4553 /* FacebookSignInHelper.swift */ = {isa = PBXFileReference; lastKnownFileType = sourcecode.swift; path = FacebookSignInHelper.swift; sourceTree = "<group>"; };
		9C575B032AB58E2700BE4553 /* TempProfileView.swift */ = {isa = PBXFileReference; lastKnownFileType = sourcecode.swift; path = TempProfileView.swift; sourceTree = "<group>"; };
		9C575B072AB5E97600BE4553 /* UserManager.swift */ = {isa = PBXFileReference; lastKnownFileType = sourcecode.swift; path = UserManager.swift; sourceTree = "<group>"; };
		9C575B092AB5EC3600BE4553 /* AuthenticationViewModel.swift */ = {isa = PBXFileReference; lastKnownFileType = sourcecode.swift; path = AuthenticationViewModel.swift; sourceTree = "<group>"; };
		9C9EA7702AB1F4300042ACD5 /* GoogleService-Info.plist */ = {isa = PBXFileReference; fileEncoding = 4; lastKnownFileType = text.plist.xml; path = "GoogleService-Info.plist"; sourceTree = "<group>"; };
		9C9EA7772AB21B4A0042ACD5 /* GoogleSignInHelper.swift */ = {isa = PBXFileReference; lastKnownFileType = sourcecode.swift; path = GoogleSignInHelper.swift; sourceTree = "<group>"; };
		9CB48F2D2AADA67300A07591 /* RootView.swift */ = {isa = PBXFileReference; lastKnownFileType = sourcecode.swift; path = RootView.swift; sourceTree = "<group>"; };
		9CB48F2F2AADA7D400A07591 /* TempSettingsView.swift */ = {isa = PBXFileReference; lastKnownFileType = sourcecode.swift; path = TempSettingsView.swift; sourceTree = "<group>"; };
		9CD5585B2AAC4F2B0058A5C3 /* Assignment3.app */ = {isa = PBXFileReference; explicitFileType = wrapper.application; includeInIndex = 0; path = Assignment3.app; sourceTree = BUILT_PRODUCTS_DIR; };
		9CD5585E2AAC4F2B0058A5C3 /* Assignment3App.swift */ = {isa = PBXFileReference; lastKnownFileType = sourcecode.swift; path = Assignment3App.swift; sourceTree = "<group>"; };
		9CD558602AAC4F2B0058A5C3 /* ContentView.swift */ = {isa = PBXFileReference; lastKnownFileType = sourcecode.swift; path = ContentView.swift; sourceTree = "<group>"; };
		9CD558622AAC4F2C0058A5C3 /* Assets.xcassets */ = {isa = PBXFileReference; lastKnownFileType = folder.assetcatalog; path = Assets.xcassets; sourceTree = "<group>"; };
		9CD558652AAC4F2C0058A5C3 /* Preview Assets.xcassets */ = {isa = PBXFileReference; lastKnownFileType = folder.assetcatalog; path = "Preview Assets.xcassets"; sourceTree = "<group>"; };
		9CF2DCDB2AB34C6D000AEDDB /* Assignment3.entitlements */ = {isa = PBXFileReference; lastKnownFileType = text.plist.entitlements; path = Assignment3.entitlements; sourceTree = "<group>"; };
		9CFE5E782AAC5DBB0000A801 /* TemporarySignUpView.swift */ = {isa = PBXFileReference; lastKnownFileType = sourcecode.swift; path = TemporarySignUpView.swift; sourceTree = "<group>"; };
		9CFE5E7E2AAC610E0000A801 /* TempAuthenticationView.swift */ = {isa = PBXFileReference; lastKnownFileType = sourcecode.swift; path = TempAuthenticationView.swift; sourceTree = "<group>"; };
		9CFE5E812AAC63E60000A801 /* AuthenticationManager.swift */ = {isa = PBXFileReference; lastKnownFileType = sourcecode.swift; path = AuthenticationManager.swift; sourceTree = "<group>"; };
		F514FA8A2AB1ACA900A48228 /* SquareView.swift */ = {isa = PBXFileReference; lastKnownFileType = sourcecode.swift; path = SquareView.swift; sourceTree = "<group>"; };
		F514FA8F2AB1B7DF00A48228 /* AlbumView.swift */ = {isa = PBXFileReference; lastKnownFileType = sourcecode.swift; path = AlbumView.swift; sourceTree = "<group>"; };
		F514FA912AB1B9E300A48228 /* HomeView.swift */ = {isa = PBXFileReference; lastKnownFileType = sourcecode.swift; path = HomeView.swift; sourceTree = "<group>"; };
		F514FA932AB1BB4600A48228 /* Utils.swift */ = {isa = PBXFileReference; lastKnownFileType = sourcecode.swift; path = Utils.swift; sourceTree = "<group>"; };
		F5BD94F92AB415EE0015B48C /* MusicView.swift */ = {isa = PBXFileReference; lastKnownFileType = sourcecode.swift; path = MusicView.swift; sourceTree = "<group>"; };
		F5BD94FC2AB41DAD0015B48C /* RootViewTemp.swift */ = {isa = PBXFileReference; lastKnownFileType = sourcecode.swift; path = RootViewTemp.swift; sourceTree = "<group>"; };
		F5BD94FF2AB41E760015B48C /* SearchView.swift */ = {isa = PBXFileReference; lastKnownFileType = sourcecode.swift; path = SearchView.swift; sourceTree = "<group>"; };
		F5BD95062AB4278F0015B48C /* SettingView.swift */ = {isa = PBXFileReference; lastKnownFileType = sourcecode.swift; path = SettingView.swift; sourceTree = "<group>"; };
		F5BD95082AB42E800015B48C /* ViewProfileView.swift */ = {isa = PBXFileReference; lastKnownFileType = sourcecode.swift; path = ViewProfileView.swift; sourceTree = "<group>"; };
		F5BD950A2AB436210015B48C /* EditProfileView.swift */ = {isa = PBXFileReference; lastKnownFileType = sourcecode.swift; path = EditProfileView.swift; sourceTree = "<group>"; };
		F5BD950E2AB443DC0015B48C /* EditModalLeaveConfirmView.swift */ = {isa = PBXFileReference; lastKnownFileType = sourcecode.swift; path = EditModalLeaveConfirmView.swift; sourceTree = "<group>"; };
		F5BD95102AB451B80015B48C /* ImageModal.swift */ = {isa = PBXFileReference; lastKnownFileType = sourcecode.swift; path = ImageModal.swift; sourceTree = "<group>"; };
/* End PBXFileReference section */

/* Begin PBXFrameworksBuildPhase section */
		9CD558582AAC4F2B0058A5C3 /* Frameworks */ = {
			isa = PBXFrameworksBuildPhase;
			buildActionMask = 2147483647;
			files = (
				9C9EA7762AB1F4720042ACD5 /* GoogleSignInSwift in Frameworks */,
				9CF2DCD82AB348D4000AEDDB /* FacebookCore in Frameworks */,
				9CD558722AAC50470058A5C3 /* FirebaseAnalyticsSwift in Frameworks */,
				9C9EA7742AB1F4720042ACD5 /* GoogleSignIn in Frameworks */,
				9CFE5E7D2AAC5F940000A801 /* FirebaseAuth in Frameworks */,
				9C575AFF2AB589D000BE4553 /* FirebaseFirestore in Frameworks */,
				9CF2DCDA2AB348D4000AEDDB /* FacebookLogin in Frameworks */,
				9CD558702AAC50470058A5C3 /* FirebaseAnalytics in Frameworks */,
				9C575B012AB589D000BE4553 /* FirebaseFirestoreSwift in Frameworks */,
			);
			runOnlyForDeploymentPostprocessing = 0;
		};
/* End PBXFrameworksBuildPhase section */

/* Begin PBXGroup section */
		044058382AB3096B002C994B /* LibraryView */ = {
			isa = PBXGroup;
			children = (
				044058392AB309EB002C994B /* LibraryView.swift */,
				0440583E2AB421AA002C994B /* PlayListView */,
			);
			path = LibraryView;
			sourceTree = "<group>";
		};
		0440583E2AB421AA002C994B /* PlayListView */ = {
			isa = PBXGroup;
			children = (
				044058492AB701C3002C994B /* PlaylistUpdateSheet.swift */,
				0440584B2AB70200002C994B /* PlaylistView.swift */,
				0440584D2AB70250002C994B /* AddTracksToPlayListView.swift */,
				049B57152AB75BD6005809B5 /* EditPlaylistView.swift */,
			);
			path = PlayListView;
			sourceTree = "<group>";
		};
		04E149992AAF499200BF6229 /* Views */ = {
			isa = PBXGroup;
			children = (
				F5BD95052AB427830015B48C /* SettingView */,
				F5BD94FE2AB41E690015B48C /* SearchView */,
				F5BD94FB2AB41D820015B48C /* MainView */,
				9958D8552AAF83F000F5F42E /* SplashView */,
				9958D84B2AAF69B200F5F42E /* AuthenticationView */,
				F514FA862AB1A58000A48228 /* HomeView */,
				04E149CD2AAF5DA500BF6229 /* MusicView */,
				044058382AB3096B002C994B /* LibraryView */,
				044058472AB70199002C994B /* SearchBarView.swift */,
			);
			path = Views;
			sourceTree = "<group>";
		};
		04E1499F2AAF4A4A00BF6229 /* Fonts */ = {
			isa = PBXGroup;
			children = (
				04E149BD2AAF4D5000BF6229 /* Gotham-Black.otf */,
				04E149BB2AAF4D5000BF6229 /* Gotham-BlackItalic.otf */,
				04E149B82AAF4D4F00BF6229 /* Gotham-Bold.otf */,
				04E149BC2AAF4D5000BF6229 /* Gotham-BoldItalic.otf */,
				04E149B72AAF4D4F00BF6229 /* Gotham-Book.otf */,
				04E149B92AAF4D5000BF6229 /* Gotham-BookItalic.otf */,
				04E149BF2AAF4D5000BF6229 /* Gotham-Light.otf */,
				04E149C02AAF4D5000BF6229 /* Gotham-LightItalic.otf */,
				04E149BA2AAF4D5000BF6229 /* Gotham-Medium.otf */,
				04E149BE2AAF4D5000BF6229 /* Gotham-MediumItalic.otf */,
			);
			path = Fonts;
			sourceTree = "<group>";
		};
		04E149CD2AAF5DA500BF6229 /* MusicView */ = {
			isa = PBXGroup;
			children = (
				04E149B32AAF4B3500BF6229 /* PlayMusicView.swift */,
				04E149CB2AAF52A700BF6229 /* HeartButtonView.swift */,
				04E149D82AB05F8700BF6229 /* QueueView */,
				04E149D92AB05FA600BF6229 /* AddToPlaylistView */,
			);
			path = MusicView;
			sourceTree = "<group>";
		};
		04E149D82AB05F8700BF6229 /* QueueView */ = {
			isa = PBXGroup;
			children = (
				04E149D42AB0447000BF6229 /* QueueVIew.swift */,
				04E149D22AB03CEE00BF6229 /* ListRowView.swift */,
			);
			path = QueueView;
			sourceTree = "<group>";
		};
		04E149D92AB05FA600BF6229 /* AddToPlaylistView */ = {
			isa = PBXGroup;
			children = (
				04E149D62AB04DC300BF6229 /* AddToPlaylistView.swift */,
				04E149DA2AB05FDD00BF6229 /* FocusedSearchBarView.swift */,
				04E149DC2AB0A3BF00BF6229 /* NewPlaylistView.swift */,
			);
			path = AddToPlaylistView;
			sourceTree = "<group>";
		};
		9958D84B2AAF69B200F5F42E /* AuthenticationView */ = {
			isa = PBXGroup;
			children = (
				9958D8742AB072F300F5F42E /* LandingPage.swift */,
				9958D8702AB071E500F5F42E /* LoginView.swift */,
				9958D86E2AB071BF00F5F42E /* SignUpView.swift */,
				9958D8722AB0723800F5F42E /* CustomTextFieldView.swift */,
				9958D86C2AB071B300F5F42E /* CustomSecureTextField.swift */,
			);
			path = AuthenticationView;
			sourceTree = "<group>";
		};
		9958D84E2AAF7E4900F5F42E /* Utils */ = {
			isa = PBXGroup;
			children = (
				9958D84F2AAF7E6300F5F42E /* viewModiferHelper.swift */,
				F514FA932AB1BB4600A48228 /* Utils.swift */,
			);
			path = Utils;
			sourceTree = "<group>";
		};
		9958D8552AAF83F000F5F42E /* SplashView */ = {
			isa = PBXGroup;
			children = (
				9958D8562AAF841900F5F42E /* SplashScreenView.swift */,
			);
			path = SplashView;
			sourceTree = "<group>";
		};
		9C575B062AB5E96600BE4553 /* Firestore */ = {
			isa = PBXGroup;
			children = (
				9C575B072AB5E97600BE4553 /* UserManager.swift */,
			);
			path = Firestore;
			sourceTree = "<group>";
		};
		9CD558522AAC4F2A0058A5C3 = {
			isa = PBXGroup;
			children = (
				9CD5585D2AAC4F2B0058A5C3 /* Assignment3 */,
				9CD5585C2AAC4F2B0058A5C3 /* Products */,
				9CFE5E7B2AAC5F940000A801 /* Frameworks */,
			);
			sourceTree = "<group>";
		};
		9CD5585C2AAC4F2B0058A5C3 /* Products */ = {
			isa = PBXGroup;
			children = (
				9CD5585B2AAC4F2B0058A5C3 /* Assignment3.app */,
			);
			name = Products;
			sourceTree = "<group>";
		};
		9CD5585D2AAC4F2B0058A5C3 /* Assignment3 */ = {
			isa = PBXGroup;
			children = (
				9CF2DCDB2AB34C6D000AEDDB /* Assignment3.entitlements */,
				9958D84E2AAF7E4900F5F42E /* Utils */,
				04E149B22AAF4A8400BF6229 /* Info.plist */,
				04E1499F2AAF4A4A00BF6229 /* Fonts */,
				04E149992AAF499200BF6229 /* Views */,
				9CD5585E2AAC4F2B0058A5C3 /* Assignment3App.swift */,
				9CD558602AAC4F2B0058A5C3 /* ContentView.swift */,
				9CB48F2D2AADA67300A07591 /* RootView.swift */,
				9C575B062AB5E96600BE4553 /* Firestore */,
				9CFE5E7A2AAC5DCA0000A801 /* Auth */,
				9CD558622AAC4F2C0058A5C3 /* Assets.xcassets */,
				9C9EA7702AB1F4300042ACD5 /* GoogleService-Info.plist */,
				9CD558642AAC4F2C0058A5C3 /* Preview Content */,
			);
			path = Assignment3;
			sourceTree = "<group>";
		};
		9CD558642AAC4F2C0058A5C3 /* Preview Content */ = {
			isa = PBXGroup;
			children = (
				9CD558652AAC4F2C0058A5C3 /* Preview Assets.xcassets */,
			);
			path = "Preview Content";
			sourceTree = "<group>";
		};
		9CFE5E7A2AAC5DCA0000A801 /* Auth */ = {
			isa = PBXGroup;
			children = (
				9CFE5E782AAC5DBB0000A801 /* TemporarySignUpView.swift */,
				9CFE5E7E2AAC610E0000A801 /* TempAuthenticationView.swift */,
				9CB48F2F2AADA7D400A07591 /* TempSettingsView.swift */,
				9C575B032AB58E2700BE4553 /* TempProfileView.swift */,
				9CFE5E812AAC63E60000A801 /* AuthenticationManager.swift */,
				9C9EA7772AB21B4A0042ACD5 /* GoogleSignInHelper.swift */,
				9C575AFC2AB56C7800BE4553 /* FacebookSignInHelper.swift */,
				9C575B092AB5EC3600BE4553 /* AuthenticationViewModel.swift */,
				9C2AB8D72AB6EADC0056D5C3 /* SignUpEmailViewModel.swift */,
			);
			path = Auth;
			sourceTree = "<group>";
		};
		9CFE5E7B2AAC5F940000A801 /* Frameworks */ = {
			isa = PBXGroup;
			children = (
			);
			name = Frameworks;
			sourceTree = "<group>";
		};
		F514FA862AB1A58000A48228 /* HomeView */ = {
			isa = PBXGroup;
			children = (
				F5BD94F82AB40DB10015B48C /* HomViewComponent */,
				F514FA8C2AB1B2A700A48228 /* RowView */,
				F514FA872AB1A97300A48228 /* ItemView */,
				F514FA912AB1B9E300A48228 /* HomeView.swift */,
			);
			path = HomeView;
			sourceTree = "<group>";
		};
		F514FA872AB1A97300A48228 /* ItemView */ = {
			isa = PBXGroup;
			children = (
				F514FA8A2AB1ACA900A48228 /* SquareView.swift */,
			);
			path = ItemView;
			sourceTree = "<group>";
		};
		F514FA8C2AB1B2A700A48228 /* RowView */ = {
			isa = PBXGroup;
			children = (
				F514FA8F2AB1B7DF00A48228 /* AlbumView.swift */,
				F5BD94F92AB415EE0015B48C /* MusicView.swift */,
			);
			path = RowView;
			sourceTree = "<group>";
		};
		F5BD94F82AB40DB10015B48C /* HomViewComponent */ = {
			isa = PBXGroup;
			children = (
			);
			path = HomViewComponent;
			sourceTree = "<group>";
		};
		F5BD94FB2AB41D820015B48C /* MainView */ = {
			isa = PBXGroup;
			children = (
				F5BD94FC2AB41DAD0015B48C /* RootViewTemp.swift */,
			);
			path = MainView;
			sourceTree = "<group>";
		};
		F5BD94FE2AB41E690015B48C /* SearchView */ = {
			isa = PBXGroup;
			children = (
				F5BD94FF2AB41E760015B48C /* SearchView.swift */,
			);
			path = SearchView;
			sourceTree = "<group>";
		};
		F5BD95052AB427830015B48C /* SettingView */ = {
			isa = PBXGroup;
			children = (
				F5BD95062AB4278F0015B48C /* SettingView.swift */,
				F5BD95082AB42E800015B48C /* ViewProfileView.swift */,
				F5BD950A2AB436210015B48C /* EditProfileView.swift */,
				F5BD950E2AB443DC0015B48C /* EditModalLeaveConfirmView.swift */,
				F5BD95102AB451B80015B48C /* ImageModal.swift */,
			);
			path = SettingView;
			sourceTree = "<group>";
		};
/* End PBXGroup section */

/* Begin PBXNativeTarget section */
		9CD5585A2AAC4F2B0058A5C3 /* Assignment3 */ = {
			isa = PBXNativeTarget;
			buildConfigurationList = 9CD558692AAC4F2C0058A5C3 /* Build configuration list for PBXNativeTarget "Assignment3" */;
			buildPhases = (
				9CD558572AAC4F2B0058A5C3 /* Sources */,
				9CD558582AAC4F2B0058A5C3 /* Frameworks */,
				9CD558592AAC4F2B0058A5C3 /* Resources */,
			);
			buildRules = (
			);
			dependencies = (
			);
			name = Assignment3;
			packageProductDependencies = (
				9CD5586F2AAC50470058A5C3 /* FirebaseAnalytics */,
				9CD558712AAC50470058A5C3 /* FirebaseAnalyticsSwift */,
				9CFE5E7C2AAC5F940000A801 /* FirebaseAuth */,
				9C9EA7732AB1F4720042ACD5 /* GoogleSignIn */,
				9C9EA7752AB1F4720042ACD5 /* GoogleSignInSwift */,
				9CF2DCD72AB348D4000AEDDB /* FacebookCore */,
				9CF2DCD92AB348D4000AEDDB /* FacebookLogin */,
				9C575AFE2AB589D000BE4553 /* FirebaseFirestore */,
				9C575B002AB589D000BE4553 /* FirebaseFirestoreSwift */,
			);
			productName = Assignment3;
			productReference = 9CD5585B2AAC4F2B0058A5C3 /* Assignment3.app */;
			productType = "com.apple.product-type.application";
		};
/* End PBXNativeTarget section */

/* Begin PBXProject section */
		9CD558532AAC4F2A0058A5C3 /* Project object */ = {
			isa = PBXProject;
			attributes = {
				BuildIndependentTargetsInParallel = 1;
				LastSwiftUpdateCheck = 1430;
				LastUpgradeCheck = 1430;
				TargetAttributes = {
					9CD5585A2AAC4F2B0058A5C3 = {
						CreatedOnToolsVersion = 14.3.1;
					};
				};
			};
			buildConfigurationList = 9CD558562AAC4F2A0058A5C3 /* Build configuration list for PBXProject "Assignment3" */;
			compatibilityVersion = "Xcode 14.0";
			developmentRegion = en;
			hasScannedForEncodings = 0;
			knownRegions = (
				en,
				Base,
			);
			mainGroup = 9CD558522AAC4F2A0058A5C3;
			packageReferences = (
				9CD5586E2AAC50470058A5C3 /* XCRemoteSwiftPackageReference "firebase-ios-sdk" */,
				9C9EA7722AB1F4720042ACD5 /* XCRemoteSwiftPackageReference "GoogleSignIn-iOS" */,
				9CF2DCD62AB348D4000AEDDB /* XCRemoteSwiftPackageReference "facebook-ios-sdk" */,
			);
			productRefGroup = 9CD5585C2AAC4F2B0058A5C3 /* Products */;
			projectDirPath = "";
			projectRoot = "";
			targets = (
				9CD5585A2AAC4F2B0058A5C3 /* Assignment3 */,
			);
		};
/* End PBXProject section */

/* Begin PBXResourcesBuildPhase section */
		9CD558592AAC4F2B0058A5C3 /* Resources */ = {
			isa = PBXResourcesBuildPhase;
			buildActionMask = 2147483647;
			files = (
				9C9EA7712AB1F4300042ACD5 /* GoogleService-Info.plist in Resources */,
				04E149CA2AAF4D5000BF6229 /* Gotham-LightItalic.otf in Resources */,
				04E149C32AAF4D5000BF6229 /* Gotham-BookItalic.otf in Resources */,
				04E149C22AAF4D5000BF6229 /* Gotham-Bold.otf in Resources */,
				9CD558662AAC4F2C0058A5C3 /* Preview Assets.xcassets in Resources */,
				04E149C72AAF4D5000BF6229 /* Gotham-Black.otf in Resources */,
				04E149C42AAF4D5000BF6229 /* Gotham-Medium.otf in Resources */,
				9CD558632AAC4F2C0058A5C3 /* Assets.xcassets in Resources */,
				04E149C82AAF4D5000BF6229 /* Gotham-MediumItalic.otf in Resources */,
				04E149C52AAF4D5000BF6229 /* Gotham-BlackItalic.otf in Resources */,
				04E149C92AAF4D5000BF6229 /* Gotham-Light.otf in Resources */,
				04E149C12AAF4D5000BF6229 /* Gotham-Book.otf in Resources */,
				04E149C62AAF4D5000BF6229 /* Gotham-BoldItalic.otf in Resources */,
			);
			runOnlyForDeploymentPostprocessing = 0;
		};
/* End PBXResourcesBuildPhase section */

/* Begin PBXSourcesBuildPhase section */
		9CD558572AAC4F2B0058A5C3 /* Sources */ = {
			isa = PBXSourcesBuildPhase;
			buildActionMask = 2147483647;
			files = (
				9C575B0A2AB5EC3600BE4553 /* AuthenticationViewModel.swift in Sources */,
				9CD558612AAC4F2B0058A5C3 /* ContentView.swift in Sources */,
				9958D8712AB071E500F5F42E /* LoginView.swift in Sources */,
				9C575B082AB5E97600BE4553 /* UserManager.swift in Sources */,
				F514FA942AB1BB4600A48228 /* Utils.swift in Sources */,
				F5BD950B2AB436210015B48C /* EditProfileView.swift in Sources */,
				9C575B042AB58E2700BE4553 /* TempProfileView.swift in Sources */,
				F514FA902AB1B7DF00A48228 /* AlbumView.swift in Sources */,
				F5BD950F2AB443DC0015B48C /* EditModalLeaveConfirmView.swift in Sources */,
				F5BD95072AB4278F0015B48C /* SettingView.swift in Sources */,
				F5BD95112AB451B80015B48C /* ImageModal.swift in Sources */,
				F514FA8B2AB1ACAA00A48228 /* SquareView.swift in Sources */,
				9958D8572AAF841900F5F42E /* SplashScreenView.swift in Sources */,
				0440584C2AB70200002C994B /* PlaylistView.swift in Sources */,
				9CFE5E792AAC5DBB0000A801 /* TemporarySignUpView.swift in Sources */,
				9CB48F2E2AADA67300A07591 /* RootView.swift in Sources */,
				9C2AB8D82AB6EADC0056D5C3 /* SignUpEmailViewModel.swift in Sources */,
				044058482AB70199002C994B /* SearchBarView.swift in Sources */,
				9C9EA7782AB21B4A0042ACD5 /* GoogleSignInHelper.swift in Sources */,
				04E149D32AB03CEE00BF6229 /* ListRowView.swift in Sources */,
				F5BD95002AB41E760015B48C /* SearchView.swift in Sources */,
				F5BD94FD2AB41DAD0015B48C /* RootViewTemp.swift in Sources */,
				04E149DD2AB0A3BF00BF6229 /* NewPlaylistView.swift in Sources */,
				9958D8752AB072F400F5F42E /* LandingPage.swift in Sources */,
				9958D86D2AB071B300F5F42E /* CustomSecureTextField.swift in Sources */,
				9C575AFD2AB56C7800BE4553 /* FacebookSignInHelper.swift in Sources */,
				9CB48F302AADA7D400A07591 /* TempSettingsView.swift in Sources */,
				04E149D72AB04DC300BF6229 /* AddToPlaylistView.swift in Sources */,
				0440583A2AB309EB002C994B /* LibraryView.swift in Sources */,
				9CFE5E7F2AAC610E0000A801 /* TempAuthenticationView.swift in Sources */,
				04E149B42AAF4B3500BF6229 /* PlayMusicView.swift in Sources */,
				F514FA922AB1B9E300A48228 /* HomeView.swift in Sources */,
				04E149DB2AB05FDD00BF6229 /* FocusedSearchBarView.swift in Sources */,
				F5BD95092AB42E800015B48C /* ViewProfileView.swift in Sources */,
				9CFE5E822AAC63E60000A801 /* AuthenticationManager.swift in Sources */,
				04E149D52AB0447000BF6229 /* QueueVIew.swift in Sources */,
				0440584A2AB701C3002C994B /* PlaylistUpdateSheet.swift in Sources */,
				049B57162AB75BD6005809B5 /* EditPlaylistView.swift in Sources */,
				F5BD94FA2AB415EE0015B48C /* MusicView.swift in Sources */,
				9958D8732AB0723900F5F42E /* CustomTextFieldView.swift in Sources */,
				9958D86F2AB071BF00F5F42E /* SignUpView.swift in Sources */,
				0440584E2AB70250002C994B /* AddTracksToPlayListView.swift in Sources */,
				9CD5585F2AAC4F2B0058A5C3 /* Assignment3App.swift in Sources */,
				04E149CC2AAF52A700BF6229 /* HeartButtonView.swift in Sources */,
				9958D8502AAF7E6300F5F42E /* viewModiferHelper.swift in Sources */,
			);
			runOnlyForDeploymentPostprocessing = 0;
		};
/* End PBXSourcesBuildPhase section */

/* Begin XCBuildConfiguration section */
		9CD558672AAC4F2C0058A5C3 /* Debug */ = {
			isa = XCBuildConfiguration;
			buildSettings = {
				ALWAYS_SEARCH_USER_PATHS = NO;
				CLANG_ANALYZER_NONNULL = YES;
				CLANG_ANALYZER_NUMBER_OBJECT_CONVERSION = YES_AGGRESSIVE;
				CLANG_CXX_LANGUAGE_STANDARD = "gnu++20";
				CLANG_ENABLE_MODULES = YES;
				CLANG_ENABLE_OBJC_ARC = YES;
				CLANG_ENABLE_OBJC_WEAK = YES;
				CLANG_WARN_BLOCK_CAPTURE_AUTORELEASING = YES;
				CLANG_WARN_BOOL_CONVERSION = YES;
				CLANG_WARN_COMMA = YES;
				CLANG_WARN_CONSTANT_CONVERSION = YES;
				CLANG_WARN_DEPRECATED_OBJC_IMPLEMENTATIONS = YES;
				CLANG_WARN_DIRECT_OBJC_ISA_USAGE = YES_ERROR;
				CLANG_WARN_DOCUMENTATION_COMMENTS = YES;
				CLANG_WARN_EMPTY_BODY = YES;
				CLANG_WARN_ENUM_CONVERSION = YES;
				CLANG_WARN_INFINITE_RECURSION = YES;
				CLANG_WARN_INT_CONVERSION = YES;
				CLANG_WARN_NON_LITERAL_NULL_CONVERSION = YES;
				CLANG_WARN_OBJC_IMPLICIT_RETAIN_SELF = YES;
				CLANG_WARN_OBJC_LITERAL_CONVERSION = YES;
				CLANG_WARN_OBJC_ROOT_CLASS = YES_ERROR;
				CLANG_WARN_QUOTED_INCLUDE_IN_FRAMEWORK_HEADER = YES;
				CLANG_WARN_RANGE_LOOP_ANALYSIS = YES;
				CLANG_WARN_STRICT_PROTOTYPES = YES;
				CLANG_WARN_SUSPICIOUS_MOVE = YES;
				CLANG_WARN_UNGUARDED_AVAILABILITY = YES_AGGRESSIVE;
				CLANG_WARN_UNREACHABLE_CODE = YES;
				CLANG_WARN__DUPLICATE_METHOD_MATCH = YES;
				COPY_PHASE_STRIP = NO;
				DEBUG_INFORMATION_FORMAT = dwarf;
				ENABLE_STRICT_OBJC_MSGSEND = YES;
				ENABLE_TESTABILITY = YES;
				GCC_C_LANGUAGE_STANDARD = gnu11;
				GCC_DYNAMIC_NO_PIC = NO;
				GCC_NO_COMMON_BLOCKS = YES;
				GCC_OPTIMIZATION_LEVEL = 0;
				GCC_PREPROCESSOR_DEFINITIONS = (
					"DEBUG=1",
					"$(inherited)",
				);
				GCC_WARN_64_TO_32_BIT_CONVERSION = YES;
				GCC_WARN_ABOUT_RETURN_TYPE = YES_ERROR;
				GCC_WARN_UNDECLARED_SELECTOR = YES;
				GCC_WARN_UNINITIALIZED_AUTOS = YES_AGGRESSIVE;
				GCC_WARN_UNUSED_FUNCTION = YES;
				GCC_WARN_UNUSED_VARIABLE = YES;
				IPHONEOS_DEPLOYMENT_TARGET = 16.4;
				MTL_ENABLE_DEBUG_INFO = INCLUDE_SOURCE;
				MTL_FAST_MATH = YES;
				ONLY_ACTIVE_ARCH = YES;
				SDKROOT = iphoneos;
				SWIFT_ACTIVE_COMPILATION_CONDITIONS = DEBUG;
				SWIFT_OPTIMIZATION_LEVEL = "-Onone";
			};
			name = Debug;
		};
		9CD558682AAC4F2C0058A5C3 /* Release */ = {
			isa = XCBuildConfiguration;
			buildSettings = {
				ALWAYS_SEARCH_USER_PATHS = NO;
				CLANG_ANALYZER_NONNULL = YES;
				CLANG_ANALYZER_NUMBER_OBJECT_CONVERSION = YES_AGGRESSIVE;
				CLANG_CXX_LANGUAGE_STANDARD = "gnu++20";
				CLANG_ENABLE_MODULES = YES;
				CLANG_ENABLE_OBJC_ARC = YES;
				CLANG_ENABLE_OBJC_WEAK = YES;
				CLANG_WARN_BLOCK_CAPTURE_AUTORELEASING = YES;
				CLANG_WARN_BOOL_CONVERSION = YES;
				CLANG_WARN_COMMA = YES;
				CLANG_WARN_CONSTANT_CONVERSION = YES;
				CLANG_WARN_DEPRECATED_OBJC_IMPLEMENTATIONS = YES;
				CLANG_WARN_DIRECT_OBJC_ISA_USAGE = YES_ERROR;
				CLANG_WARN_DOCUMENTATION_COMMENTS = YES;
				CLANG_WARN_EMPTY_BODY = YES;
				CLANG_WARN_ENUM_CONVERSION = YES;
				CLANG_WARN_INFINITE_RECURSION = YES;
				CLANG_WARN_INT_CONVERSION = YES;
				CLANG_WARN_NON_LITERAL_NULL_CONVERSION = YES;
				CLANG_WARN_OBJC_IMPLICIT_RETAIN_SELF = YES;
				CLANG_WARN_OBJC_LITERAL_CONVERSION = YES;
				CLANG_WARN_OBJC_ROOT_CLASS = YES_ERROR;
				CLANG_WARN_QUOTED_INCLUDE_IN_FRAMEWORK_HEADER = YES;
				CLANG_WARN_RANGE_LOOP_ANALYSIS = YES;
				CLANG_WARN_STRICT_PROTOTYPES = YES;
				CLANG_WARN_SUSPICIOUS_MOVE = YES;
				CLANG_WARN_UNGUARDED_AVAILABILITY = YES_AGGRESSIVE;
				CLANG_WARN_UNREACHABLE_CODE = YES;
				CLANG_WARN__DUPLICATE_METHOD_MATCH = YES;
				COPY_PHASE_STRIP = NO;
				DEBUG_INFORMATION_FORMAT = "dwarf-with-dsym";
				ENABLE_NS_ASSERTIONS = NO;
				ENABLE_STRICT_OBJC_MSGSEND = YES;
				GCC_C_LANGUAGE_STANDARD = gnu11;
				GCC_NO_COMMON_BLOCKS = YES;
				GCC_WARN_64_TO_32_BIT_CONVERSION = YES;
				GCC_WARN_ABOUT_RETURN_TYPE = YES_ERROR;
				GCC_WARN_UNDECLARED_SELECTOR = YES;
				GCC_WARN_UNINITIALIZED_AUTOS = YES_AGGRESSIVE;
				GCC_WARN_UNUSED_FUNCTION = YES;
				GCC_WARN_UNUSED_VARIABLE = YES;
				IPHONEOS_DEPLOYMENT_TARGET = 16.4;
				MTL_ENABLE_DEBUG_INFO = NO;
				MTL_FAST_MATH = YES;
				SDKROOT = iphoneos;
				SWIFT_COMPILATION_MODE = wholemodule;
				SWIFT_OPTIMIZATION_LEVEL = "-O";
				VALIDATE_PRODUCT = YES;
			};
			name = Release;
		};
		9CD5586A2AAC4F2C0058A5C3 /* Debug */ = {
			isa = XCBuildConfiguration;
			buildSettings = {
				ASSETCATALOG_COMPILER_APPICON_NAME = AppIcon;
				ASSETCATALOG_COMPILER_GLOBAL_ACCENT_COLOR_NAME = AccentColor;
				CODE_SIGN_ENTITLEMENTS = Assignment3/Assignment3.entitlements;
				CODE_SIGN_STYLE = Automatic;
				CURRENT_PROJECT_VERSION = 1;
				DEVELOPMENT_ASSET_PATHS = "\"Assignment3/Preview Content\"";
				DEVELOPMENT_TEAM = 2YM2DVCY84;
				ENABLE_PREVIEWS = YES;
				GENERATE_INFOPLIST_FILE = YES;
				INFOPLIST_FILE = Assignment3/Info.plist;
				INFOPLIST_KEY_UIApplicationSceneManifest_Generation = YES;
				INFOPLIST_KEY_UIApplicationSupportsIndirectInputEvents = YES;
				INFOPLIST_KEY_UILaunchScreen_Generation = YES;
				INFOPLIST_KEY_UISupportedInterfaceOrientations_iPad = "UIInterfaceOrientationPortrait UIInterfaceOrientationPortraitUpsideDown UIInterfaceOrientationLandscapeLeft UIInterfaceOrientationLandscapeRight";
				INFOPLIST_KEY_UISupportedInterfaceOrientations_iPhone = "UIInterfaceOrientationPortrait UIInterfaceOrientationLandscapeLeft UIInterfaceOrientationLandscapeRight";
				LD_RUNPATH_SEARCH_PATHS = (
					"$(inherited)",
					"@executable_path/Frameworks",
				);
				MARKETING_VERSION = 1.0;
				PRODUCT_BUNDLE_IDENTIFIER = vn.edu.rmit.ben.Assignment3;
				PRODUCT_NAME = "$(TARGET_NAME)";
				SWIFT_EMIT_LOC_STRINGS = YES;
				SWIFT_VERSION = 5.0;
				TARGETED_DEVICE_FAMILY = "1,2";
			};
			name = Debug;
		};
		9CD5586B2AAC4F2C0058A5C3 /* Release */ = {
			isa = XCBuildConfiguration;
			buildSettings = {
				ASSETCATALOG_COMPILER_APPICON_NAME = AppIcon;
				ASSETCATALOG_COMPILER_GLOBAL_ACCENT_COLOR_NAME = AccentColor;
				CODE_SIGN_ENTITLEMENTS = Assignment3/Assignment3.entitlements;
				CODE_SIGN_STYLE = Automatic;
				CURRENT_PROJECT_VERSION = 1;
				DEVELOPMENT_ASSET_PATHS = "\"Assignment3/Preview Content\"";
				DEVELOPMENT_TEAM = 2YM2DVCY84;
				ENABLE_PREVIEWS = YES;
				GENERATE_INFOPLIST_FILE = YES;
				INFOPLIST_FILE = Assignment3/Info.plist;
				INFOPLIST_KEY_UIApplicationSceneManifest_Generation = YES;
				INFOPLIST_KEY_UIApplicationSupportsIndirectInputEvents = YES;
				INFOPLIST_KEY_UILaunchScreen_Generation = YES;
				INFOPLIST_KEY_UISupportedInterfaceOrientations_iPad = "UIInterfaceOrientationPortrait UIInterfaceOrientationPortraitUpsideDown UIInterfaceOrientationLandscapeLeft UIInterfaceOrientationLandscapeRight";
				INFOPLIST_KEY_UISupportedInterfaceOrientations_iPhone = "UIInterfaceOrientationPortrait UIInterfaceOrientationLandscapeLeft UIInterfaceOrientationLandscapeRight";
				LD_RUNPATH_SEARCH_PATHS = (
					"$(inherited)",
					"@executable_path/Frameworks",
				);
				MARKETING_VERSION = 1.0;
				PRODUCT_BUNDLE_IDENTIFIER = vn.edu.rmit.ben.Assignment3;
				PRODUCT_NAME = "$(TARGET_NAME)";
				SWIFT_EMIT_LOC_STRINGS = YES;
				SWIFT_VERSION = 5.0;
				TARGETED_DEVICE_FAMILY = "1,2";
			};
			name = Release;
		};
/* End XCBuildConfiguration section */

/* Begin XCConfigurationList section */
		9CD558562AAC4F2A0058A5C3 /* Build configuration list for PBXProject "Assignment3" */ = {
			isa = XCConfigurationList;
			buildConfigurations = (
				9CD558672AAC4F2C0058A5C3 /* Debug */,
				9CD558682AAC4F2C0058A5C3 /* Release */,
			);
			defaultConfigurationIsVisible = 0;
			defaultConfigurationName = Release;
		};
		9CD558692AAC4F2C0058A5C3 /* Build configuration list for PBXNativeTarget "Assignment3" */ = {
			isa = XCConfigurationList;
			buildConfigurations = (
				9CD5586A2AAC4F2C0058A5C3 /* Debug */,
				9CD5586B2AAC4F2C0058A5C3 /* Release */,
			);
			defaultConfigurationIsVisible = 0;
			defaultConfigurationName = Release;
		};
/* End XCConfigurationList section */

/* Begin XCRemoteSwiftPackageReference section */
		9C9EA7722AB1F4720042ACD5 /* XCRemoteSwiftPackageReference "GoogleSignIn-iOS" */ = {
			isa = XCRemoteSwiftPackageReference;
			repositoryURL = "https://github.com/google/GoogleSignIn-iOS.git";
			requirement = {
				kind = upToNextMajorVersion;
				minimumVersion = 7.0.0;
			};
		};
		9CD5586E2AAC50470058A5C3 /* XCRemoteSwiftPackageReference "firebase-ios-sdk" */ = {
			isa = XCRemoteSwiftPackageReference;
			repositoryURL = "https://github.com/firebase/firebase-ios-sdk.git";
			requirement = {
				kind = upToNextMajorVersion;
				minimumVersion = 10.0.0;
			};
		};
		9CF2DCD62AB348D4000AEDDB /* XCRemoteSwiftPackageReference "facebook-ios-sdk" */ = {
			isa = XCRemoteSwiftPackageReference;
			repositoryURL = "https://github.com/facebook/facebook-ios-sdk";
			requirement = {
				kind = upToNextMajorVersion;
				minimumVersion = 14.0.0;
			};
		};
/* End XCRemoteSwiftPackageReference section */

/* Begin XCSwiftPackageProductDependency section */
		9C575AFE2AB589D000BE4553 /* FirebaseFirestore */ = {
			isa = XCSwiftPackageProductDependency;
			package = 9CD5586E2AAC50470058A5C3 /* XCRemoteSwiftPackageReference "firebase-ios-sdk" */;
			productName = FirebaseFirestore;
		};
		9C575B002AB589D000BE4553 /* FirebaseFirestoreSwift */ = {
			isa = XCSwiftPackageProductDependency;
			package = 9CD5586E2AAC50470058A5C3 /* XCRemoteSwiftPackageReference "firebase-ios-sdk" */;
			productName = FirebaseFirestoreSwift;
		};
		9C9EA7732AB1F4720042ACD5 /* GoogleSignIn */ = {
			isa = XCSwiftPackageProductDependency;
			package = 9C9EA7722AB1F4720042ACD5 /* XCRemoteSwiftPackageReference "GoogleSignIn-iOS" */;
			productName = GoogleSignIn;
		};
		9C9EA7752AB1F4720042ACD5 /* GoogleSignInSwift */ = {
			isa = XCSwiftPackageProductDependency;
			package = 9C9EA7722AB1F4720042ACD5 /* XCRemoteSwiftPackageReference "GoogleSignIn-iOS" */;
			productName = GoogleSignInSwift;
		};
		9CD5586F2AAC50470058A5C3 /* FirebaseAnalytics */ = {
			isa = XCSwiftPackageProductDependency;
			package = 9CD5586E2AAC50470058A5C3 /* XCRemoteSwiftPackageReference "firebase-ios-sdk" */;
			productName = FirebaseAnalytics;
		};
		9CD558712AAC50470058A5C3 /* FirebaseAnalyticsSwift */ = {
			isa = XCSwiftPackageProductDependency;
			package = 9CD5586E2AAC50470058A5C3 /* XCRemoteSwiftPackageReference "firebase-ios-sdk" */;
			productName = FirebaseAnalyticsSwift;
		};
		9CF2DCD72AB348D4000AEDDB /* FacebookCore */ = {
			isa = XCSwiftPackageProductDependency;
			package = 9CF2DCD62AB348D4000AEDDB /* XCRemoteSwiftPackageReference "facebook-ios-sdk" */;
			productName = FacebookCore;
		};
		9CF2DCD92AB348D4000AEDDB /* FacebookLogin */ = {
			isa = XCSwiftPackageProductDependency;
			package = 9CF2DCD62AB348D4000AEDDB /* XCRemoteSwiftPackageReference "facebook-ios-sdk" */;
			productName = FacebookLogin;
		};
		9CFE5E7C2AAC5F940000A801 /* FirebaseAuth */ = {
			isa = XCSwiftPackageProductDependency;
			package = 9CD5586E2AAC50470058A5C3 /* XCRemoteSwiftPackageReference "firebase-ios-sdk" */;
			productName = FirebaseAuth;
		};
/* End XCSwiftPackageProductDependency section */
	};
	rootObject = 9CD558532AAC4F2A0058A5C3 /* Project object */;
}
