// !$*UTF8*$!
{
	archiveVersion = 1;
	classes = {
	};
	objectVersion = 56;
	objects = {

/* Begin PBXBuildFile section */
		04E1499E2AAF4A2500BF6229 /* Modifier.swift in Sources */ = {isa = PBXBuildFile; fileRef = 04E1499D2AAF4A2500BF6229 /* Modifier.swift */; };
		04E149B42AAF4B3500BF6229 /* PlayMusicView.swift in Sources */ = {isa = PBXBuildFile; fileRef = 04E149B32AAF4B3500BF6229 /* PlayMusicView.swift */; };
		04E149C12AAF4D5000BF6229 /* Gotham-Book.otf in Resources */ = {isa = PBXBuildFile; fileRef = 04E149B72AAF4D4F00BF6229 /* Gotham-Book.otf */; };
		04E149C22AAF4D5000BF6229 /* Gotham-Bold.otf in Resources */ = {isa = PBXBuildFile; fileRef = 04E149B82AAF4D4F00BF6229 /* Gotham-Bold.otf */; };
		04E149C32AAF4D5000BF6229 /* Gotham-BookItalic.otf in Resources */ = {isa = PBXBuildFile; fileRef = 04E149B92AAF4D5000BF6229 /* Gotham-BookItalic.otf */; };
		04E149C42AAF4D5000BF6229 /* Gotham-Medium.otf in Resources */ = {isa = PBXBuildFile; fileRef = 04E149BA2AAF4D5000BF6229 /* Gotham-Medium.otf */; };
		04E149C52AAF4D5000BF6229 /* Gotham-BlackItalic.otf in Resources */ = {isa = PBXBuildFile; fileRef = 04E149BB2AAF4D5000BF6229 /* Gotham-BlackItalic.otf */; };
		04E149C62AAF4D5000BF6229 /* Gotham-BoldItalic.otf in Resources */ = {isa = PBXBuildFile; fileRef = 04E149BC2AAF4D5000BF6229 /* Gotham-BoldItalic.otf */; };
		04E149C72AAF4D5000BF6229 /* Gotham-Black.otf in Resources */ = {isa = PBXBuildFile; fileRef = 04E149BD2AAF4D5000BF6229 /* Gotham-Black.otf */; };
		04E149C82AAF4D5000BF6229 /* Gotham-MediumItalic.otf in Resources */ = {isa = PBXBuildFile; fileRef = 04E149BE2AAF4D5000BF6229 /* Gotham-MediumItalic.otf */; };
		04E149C92AAF4D5000BF6229 /* Gotham-Light.otf in Resources */ = {isa = PBXBuildFile; fileRef = 04E149BF2AAF4D5000BF6229 /* Gotham-Light.otf */; };
		04E149CA2AAF4D5000BF6229 /* Gotham-LightItalic.otf in Resources */ = {isa = PBXBuildFile; fileRef = 04E149C02AAF4D5000BF6229 /* Gotham-LightItalic.otf */; };
		04E149CC2AAF52A700BF6229 /* HeartButtonView.swift in Sources */ = {isa = PBXBuildFile; fileRef = 04E149CB2AAF52A700BF6229 /* HeartButtonView.swift */; };
		04E149D32AB03CEE00BF6229 /* TrackRowView.swift in Sources */ = {isa = PBXBuildFile; fileRef = 04E149D22AB03CEE00BF6229 /* TrackRowView.swift */; };
		04E149D52AB0447000BF6229 /* QueueVIew.swift in Sources */ = {isa = PBXBuildFile; fileRef = 04E149D42AB0447000BF6229 /* QueueVIew.swift */; };
		9958D84D2AAF69EF00F5F42E /* LandingPageView.swift in Sources */ = {isa = PBXBuildFile; fileRef = 9958D84C2AAF69EF00F5F42E /* LandingPageView.swift */; };
		9958D8502AAF7E6300F5F42E /* viewModiferHelper.swift in Sources */ = {isa = PBXBuildFile; fileRef = 9958D84F2AAF7E6300F5F42E /* viewModiferHelper.swift */; };
		9958D8522AAF822B00F5F42E /* LoginView.swift in Sources */ = {isa = PBXBuildFile; fileRef = 9958D8512AAF822B00F5F42E /* LoginView.swift */; };
		9958D8542AAF831200F5F42E /* CustomeTextField.swift in Sources */ = {isa = PBXBuildFile; fileRef = 9958D8532AAF831200F5F42E /* CustomeTextField.swift */; };
		9958D8572AAF841900F5F42E /* SplashScreenView.swift in Sources */ = {isa = PBXBuildFile; fileRef = 9958D8562AAF841900F5F42E /* SplashScreenView.swift */; };
		9CB48F2E2AADA67300A07591 /* RootView.swift in Sources */ = {isa = PBXBuildFile; fileRef = 9CB48F2D2AADA67300A07591 /* RootView.swift */; };
		9CB48F302AADA7D400A07591 /* TempSettingsView.swift in Sources */ = {isa = PBXBuildFile; fileRef = 9CB48F2F2AADA7D400A07591 /* TempSettingsView.swift */; };
		9CD5585F2AAC4F2B0058A5C3 /* Assignment3App.swift in Sources */ = {isa = PBXBuildFile; fileRef = 9CD5585E2AAC4F2B0058A5C3 /* Assignment3App.swift */; };
		9CD558612AAC4F2B0058A5C3 /* ContentView.swift in Sources */ = {isa = PBXBuildFile; fileRef = 9CD558602AAC4F2B0058A5C3 /* ContentView.swift */; };
		9CD558632AAC4F2C0058A5C3 /* Assets.xcassets in Resources */ = {isa = PBXBuildFile; fileRef = 9CD558622AAC4F2C0058A5C3 /* Assets.xcassets */; };
		9CD558662AAC4F2C0058A5C3 /* Preview Assets.xcassets in Resources */ = {isa = PBXBuildFile; fileRef = 9CD558652AAC4F2C0058A5C3 /* Preview Assets.xcassets */; };
		9CD5586D2AAC4FCD0058A5C3 /* GoogleService-Info.plist in Resources */ = {isa = PBXBuildFile; fileRef = 9CD5586C2AAC4FCD0058A5C3 /* GoogleService-Info.plist */; };
		9CD558702AAC50470058A5C3 /* FirebaseAnalytics in Frameworks */ = {isa = PBXBuildFile; productRef = 9CD5586F2AAC50470058A5C3 /* FirebaseAnalytics */; };
		9CD558722AAC50470058A5C3 /* FirebaseAnalyticsSwift in Frameworks */ = {isa = PBXBuildFile; productRef = 9CD558712AAC50470058A5C3 /* FirebaseAnalyticsSwift */; };
		9CFE5E792AAC5DBB0000A801 /* TemporarySignUpView.swift in Sources */ = {isa = PBXBuildFile; fileRef = 9CFE5E782AAC5DBB0000A801 /* TemporarySignUpView.swift */; };
		9CFE5E7D2AAC5F940000A801 /* FirebaseAuth in Frameworks */ = {isa = PBXBuildFile; productRef = 9CFE5E7C2AAC5F940000A801 /* FirebaseAuth */; };
		9CFE5E7F2AAC610E0000A801 /* TempAuthenticationView.swift in Sources */ = {isa = PBXBuildFile; fileRef = 9CFE5E7E2AAC610E0000A801 /* TempAuthenticationView.swift */; };
		9CFE5E822AAC63E60000A801 /* AuthenticationManager.swift in Sources */ = {isa = PBXBuildFile; fileRef = 9CFE5E812AAC63E60000A801 /* AuthenticationManager.swift */; };
/* End PBXBuildFile section */

/* Begin PBXFileReference section */
		04E1499D2AAF4A2500BF6229 /* Modifier.swift */ = {isa = PBXFileReference; lastKnownFileType = sourcecode.swift; path = Modifier.swift; sourceTree = "<group>"; };
		04E149B22AAF4A8400BF6229 /* Info.plist */ = {isa = PBXFileReference; lastKnownFileType = text.plist.xml; path = Info.plist; sourceTree = "<group>"; };
		04E149B32AAF4B3500BF6229 /* PlayMusicView.swift */ = {isa = PBXFileReference; lastKnownFileType = sourcecode.swift; path = PlayMusicView.swift; sourceTree = "<group>"; };
		04E149B72AAF4D4F00BF6229 /* Gotham-Book.otf */ = {isa = PBXFileReference; lastKnownFileType = file; path = "Gotham-Book.otf"; sourceTree = "<group>"; };
		04E149B82AAF4D4F00BF6229 /* Gotham-Bold.otf */ = {isa = PBXFileReference; lastKnownFileType = file; path = "Gotham-Bold.otf"; sourceTree = "<group>"; };
		04E149B92AAF4D5000BF6229 /* Gotham-BookItalic.otf */ = {isa = PBXFileReference; lastKnownFileType = file; path = "Gotham-BookItalic.otf"; sourceTree = "<group>"; };
		04E149BA2AAF4D5000BF6229 /* Gotham-Medium.otf */ = {isa = PBXFileReference; lastKnownFileType = file; path = "Gotham-Medium.otf"; sourceTree = "<group>"; };
		04E149BB2AAF4D5000BF6229 /* Gotham-BlackItalic.otf */ = {isa = PBXFileReference; lastKnownFileType = file; path = "Gotham-BlackItalic.otf"; sourceTree = "<group>"; };
		04E149BC2AAF4D5000BF6229 /* Gotham-BoldItalic.otf */ = {isa = PBXFileReference; lastKnownFileType = file; path = "Gotham-BoldItalic.otf"; sourceTree = "<group>"; };
		04E149BD2AAF4D5000BF6229 /* Gotham-Black.otf */ = {isa = PBXFileReference; lastKnownFileType = file; path = "Gotham-Black.otf"; sourceTree = "<group>"; };
		04E149BE2AAF4D5000BF6229 /* Gotham-MediumItalic.otf */ = {isa = PBXFileReference; lastKnownFileType = file; path = "Gotham-MediumItalic.otf"; sourceTree = "<group>"; };
		04E149BF2AAF4D5000BF6229 /* Gotham-Light.otf */ = {isa = PBXFileReference; lastKnownFileType = file; path = "Gotham-Light.otf"; sourceTree = "<group>"; };
		04E149C02AAF4D5000BF6229 /* Gotham-LightItalic.otf */ = {isa = PBXFileReference; lastKnownFileType = file; path = "Gotham-LightItalic.otf"; sourceTree = "<group>"; };
		04E149CB2AAF52A700BF6229 /* HeartButtonView.swift */ = {isa = PBXFileReference; lastKnownFileType = sourcecode.swift; path = HeartButtonView.swift; sourceTree = "<group>"; };
		04E149D22AB03CEE00BF6229 /* TrackRowView.swift */ = {isa = PBXFileReference; lastKnownFileType = sourcecode.swift; path = TrackRowView.swift; sourceTree = "<group>"; };
		04E149D42AB0447000BF6229 /* QueueVIew.swift */ = {isa = PBXFileReference; lastKnownFileType = sourcecode.swift; path = QueueVIew.swift; sourceTree = "<group>"; };
		9958D84C2AAF69EF00F5F42E /* LandingPageView.swift */ = {isa = PBXFileReference; lastKnownFileType = sourcecode.swift; path = LandingPageView.swift; sourceTree = "<group>"; };
		9958D84F2AAF7E6300F5F42E /* viewModiferHelper.swift */ = {isa = PBXFileReference; lastKnownFileType = sourcecode.swift; path = viewModiferHelper.swift; sourceTree = "<group>"; };
		9958D8512AAF822B00F5F42E /* LoginView.swift */ = {isa = PBXFileReference; lastKnownFileType = sourcecode.swift; path = LoginView.swift; sourceTree = "<group>"; };
		9958D8532AAF831200F5F42E /* CustomeTextField.swift */ = {isa = PBXFileReference; lastKnownFileType = sourcecode.swift; path = CustomeTextField.swift; sourceTree = "<group>"; };
		9958D8562AAF841900F5F42E /* SplashScreenView.swift */ = {isa = PBXFileReference; lastKnownFileType = sourcecode.swift; path = SplashScreenView.swift; sourceTree = "<group>"; };
		9CB48F2D2AADA67300A07591 /* RootView.swift */ = {isa = PBXFileReference; lastKnownFileType = sourcecode.swift; path = RootView.swift; sourceTree = "<group>"; };
		9CB48F2F2AADA7D400A07591 /* TempSettingsView.swift */ = {isa = PBXFileReference; lastKnownFileType = sourcecode.swift; path = TempSettingsView.swift; sourceTree = "<group>"; };
		9CD5585B2AAC4F2B0058A5C3 /* Assignment3.app */ = {isa = PBXFileReference; explicitFileType = wrapper.application; includeInIndex = 0; path = Assignment3.app; sourceTree = BUILT_PRODUCTS_DIR; };
		9CD5585E2AAC4F2B0058A5C3 /* Assignment3App.swift */ = {isa = PBXFileReference; lastKnownFileType = sourcecode.swift; path = Assignment3App.swift; sourceTree = "<group>"; };
		9CD558602AAC4F2B0058A5C3 /* ContentView.swift */ = {isa = PBXFileReference; lastKnownFileType = sourcecode.swift; path = ContentView.swift; sourceTree = "<group>"; };
		9CD558622AAC4F2C0058A5C3 /* Assets.xcassets */ = {isa = PBXFileReference; lastKnownFileType = folder.assetcatalog; path = Assets.xcassets; sourceTree = "<group>"; };
		9CD558652AAC4F2C0058A5C3 /* Preview Assets.xcassets */ = {isa = PBXFileReference; lastKnownFileType = folder.assetcatalog; path = "Preview Assets.xcassets"; sourceTree = "<group>"; };
		9CD5586C2AAC4FCD0058A5C3 /* GoogleService-Info.plist */ = {isa = PBXFileReference; fileEncoding = 4; lastKnownFileType = text.plist.xml; path = "GoogleService-Info.plist"; sourceTree = "<group>"; };
		9CFE5E782AAC5DBB0000A801 /* TemporarySignUpView.swift */ = {isa = PBXFileReference; lastKnownFileType = sourcecode.swift; path = TemporarySignUpView.swift; sourceTree = "<group>"; };
		9CFE5E7E2AAC610E0000A801 /* TempAuthenticationView.swift */ = {isa = PBXFileReference; lastKnownFileType = sourcecode.swift; path = TempAuthenticationView.swift; sourceTree = "<group>"; };
		9CFE5E812AAC63E60000A801 /* AuthenticationManager.swift */ = {isa = PBXFileReference; lastKnownFileType = sourcecode.swift; path = AuthenticationManager.swift; sourceTree = "<group>"; };
/* End PBXFileReference section */

/* Begin PBXFrameworksBuildPhase section */
		9CD558582AAC4F2B0058A5C3 /* Frameworks */ = {
			isa = PBXFrameworksBuildPhase;
			buildActionMask = 2147483647;
			files = (
				9CD558722AAC50470058A5C3 /* FirebaseAnalyticsSwift in Frameworks */,
				9CFE5E7D2AAC5F940000A801 /* FirebaseAuth in Frameworks */,
				9CD558702AAC50470058A5C3 /* FirebaseAnalytics in Frameworks */,
			);
			runOnlyForDeploymentPostprocessing = 0;
		};
/* End PBXFrameworksBuildPhase section */

/* Begin PBXGroup section */
		04E149992AAF499200BF6229 /* Views */ = {
			isa = PBXGroup;
			children = (
				9958D8552AAF83F000F5F42E /* SplashView */,
				9958D84B2AAF69B200F5F42E /* AuthenticationView */,
				04E149CD2AAF5DA500BF6229 /* MusicView */,
			);
			path = Views;
			sourceTree = "<group>";
		};
		04E1499A2AAF499900BF6229 /* Helpers */ = {
			isa = PBXGroup;
			children = (
				04E1499D2AAF4A2500BF6229 /* Modifier.swift */,
			);
			path = Helpers;
			sourceTree = "<group>";
		};
		04E1499F2AAF4A4A00BF6229 /* Fonts */ = {
			isa = PBXGroup;
			children = (
				04E149BD2AAF4D5000BF6229 /* Gotham-Black.otf */,
				04E149BB2AAF4D5000BF6229 /* Gotham-BlackItalic.otf */,
				04E149B82AAF4D4F00BF6229 /* Gotham-Bold.otf */,
				04E149BC2AAF4D5000BF6229 /* Gotham-BoldItalic.otf */,
				04E149B72AAF4D4F00BF6229 /* Gotham-Book.otf */,
				04E149B92AAF4D5000BF6229 /* Gotham-BookItalic.otf */,
				04E149BF2AAF4D5000BF6229 /* Gotham-Light.otf */,
				04E149C02AAF4D5000BF6229 /* Gotham-LightItalic.otf */,
				04E149BA2AAF4D5000BF6229 /* Gotham-Medium.otf */,
				04E149BE2AAF4D5000BF6229 /* Gotham-MediumItalic.otf */,
			);
			path = Fonts;
			sourceTree = "<group>";
		};
		04E149CD2AAF5DA500BF6229 /* MusicView */ = {
			isa = PBXGroup;
			children = (
				04E149B32AAF4B3500BF6229 /* PlayMusicView.swift */,
				04E149D42AB0447000BF6229 /* QueueVIew.swift */,
				04E149D22AB03CEE00BF6229 /* TrackRowView.swift */,
				04E149CB2AAF52A700BF6229 /* HeartButtonView.swift */,
			);
			path = MusicView;
			sourceTree = "<group>";
		};
		9958D84B2AAF69B200F5F42E /* AuthenticationView */ = {
			isa = PBXGroup;
			children = (
				9958D84C2AAF69EF00F5F42E /* LandingPageView.swift */,
				9958D8512AAF822B00F5F42E /* LoginView.swift */,
				9958D8532AAF831200F5F42E /* CustomeTextField.swift */,
			);
			path = AuthenticationView;
			sourceTree = "<group>";
		};
		9958D84E2AAF7E4900F5F42E /* Utils */ = {
			isa = PBXGroup;
			children = (
				9958D84F2AAF7E6300F5F42E /* viewModiferHelper.swift */,
			);
			path = Utils;
			sourceTree = "<group>";
		};
		9958D8552AAF83F000F5F42E /* SplashView */ = {
			isa = PBXGroup;
			children = (
				9958D8562AAF841900F5F42E /* SplashScreenView.swift */,
			);
			path = SplashView;
			sourceTree = "<group>";
		};
		9CD558522AAC4F2A0058A5C3 = {
			isa = PBXGroup;
			children = (
				9CD5585D2AAC4F2B0058A5C3 /* Assignment3 */,
				9CD5585C2AAC4F2B0058A5C3 /* Products */,
				9CFE5E7B2AAC5F940000A801 /* Frameworks */,
			);
			sourceTree = "<group>";
		};
		9CD5585C2AAC4F2B0058A5C3 /* Products */ = {
			isa = PBXGroup;
			children = (
				9CD5585B2AAC4F2B0058A5C3 /* Assignment3.app */,
			);
			name = Products;
			sourceTree = "<group>";
		};
		9CD5585D2AAC4F2B0058A5C3 /* Assignment3 */ = {
			isa = PBXGroup;
			children = (
				9958D84E2AAF7E4900F5F42E /* Utils */,
				04E149B22AAF4A8400BF6229 /* Info.plist */,
				04E1499F2AAF4A4A00BF6229 /* Fonts */,
				04E1499A2AAF499900BF6229 /* Helpers */,
				04E149992AAF499200BF6229 /* Views */,
				9CD5585E2AAC4F2B0058A5C3 /* Assignment3App.swift */,
				9CD558602AAC4F2B0058A5C3 /* ContentView.swift */,
				9CB48F2D2AADA67300A07591 /* RootView.swift */,
				9CFE5E7A2AAC5DCA0000A801 /* Auth */,
				9CD5586C2AAC4FCD0058A5C3 /* GoogleService-Info.plist */,
				9CD558622AAC4F2C0058A5C3 /* Assets.xcassets */,
				9CD558642AAC4F2C0058A5C3 /* Preview Content */,
			);
			path = Assignment3;
			sourceTree = "<group>";
		};
		9CD558642AAC4F2C0058A5C3 /* Preview Content */ = {
			isa = PBXGroup;
			children = (
				9CD558652AAC4F2C0058A5C3 /* Preview Assets.xcassets */,
			);
			path = "Preview Content";
			sourceTree = "<group>";
		};
		9CFE5E7A2AAC5DCA0000A801 /* Auth */ = {
			isa = PBXGroup;
			children = (
				9CFE5E782AAC5DBB0000A801 /* TemporarySignUpView.swift */,
				9CFE5E7E2AAC610E0000A801 /* TempAuthenticationView.swift */,
				9CFE5E812AAC63E60000A801 /* AuthenticationManager.swift */,
				9CB48F2F2AADA7D400A07591 /* TempSettingsView.swift */,
			);
			path = Auth;
			sourceTree = "<group>";
		};
		9CFE5E7B2AAC5F940000A801 /* Frameworks */ = {
			isa = PBXGroup;
			children = (
			);
			name = Frameworks;
			sourceTree = "<group>";
		};
/* End PBXGroup section */

/* Begin PBXNativeTarget section */
		9CD5585A2AAC4F2B0058A5C3 /* Assignment3 */ = {
			isa = PBXNativeTarget;
			buildConfigurationList = 9CD558692AAC4F2C0058A5C3 /* Build configuration list for PBXNativeTarget "Assignment3" */;
			buildPhases = (
				9CD558572AAC4F2B0058A5C3 /* Sources */,
				9CD558582AAC4F2B0058A5C3 /* Frameworks */,
				9CD558592AAC4F2B0058A5C3 /* Resources */,
			);
			buildRules = (
			);
			dependencies = (
			);
			name = Assignment3;
			packageProductDependencies = (
				9CD5586F2AAC50470058A5C3 /* FirebaseAnalytics */,
				9CD558712AAC50470058A5C3 /* FirebaseAnalyticsSwift */,
				9CFE5E7C2AAC5F940000A801 /* FirebaseAuth */,
			);
			productName = Assignment3;
			productReference = 9CD5585B2AAC4F2B0058A5C3 /* Assignment3.app */;
			productType = "com.apple.product-type.application";
		};
/* End PBXNativeTarget section */

/* Begin PBXProject section */
		9CD558532AAC4F2A0058A5C3 /* Project object */ = {
			isa = PBXProject;
			attributes = {
				BuildIndependentTargetsInParallel = 1;
				LastSwiftUpdateCheck = 1430;
				LastUpgradeCheck = 1430;
				TargetAttributes = {
					9CD5585A2AAC4F2B0058A5C3 = {
						CreatedOnToolsVersion = 14.3.1;
					};
				};
			};
			buildConfigurationList = 9CD558562AAC4F2A0058A5C3 /* Build configuration list for PBXProject "Assignment3" */;
			compatibilityVersion = "Xcode 14.0";
			developmentRegion = en;
			hasScannedForEncodings = 0;
			knownRegions = (
				en,
				Base,
			);
			mainGroup = 9CD558522AAC4F2A0058A5C3;
			packageReferences = (
				9CD5586E2AAC50470058A5C3 /* XCRemoteSwiftPackageReference "firebase-ios-sdk" */,
			);
			productRefGroup = 9CD5585C2AAC4F2B0058A5C3 /* Products */;
			projectDirPath = "";
			projectRoot = "";
			targets = (
				9CD5585A2AAC4F2B0058A5C3 /* Assignment3 */,
			);
		};
/* End PBXProject section */

/* Begin PBXResourcesBuildPhase section */
		9CD558592AAC4F2B0058A5C3 /* Resources */ = {
			isa = PBXResourcesBuildPhase;
			buildActionMask = 2147483647;
			files = (
				04E149CA2AAF4D5000BF6229 /* Gotham-LightItalic.otf in Resources */,
				04E149C32AAF4D5000BF6229 /* Gotham-BookItalic.otf in Resources */,
				04E149C22AAF4D5000BF6229 /* Gotham-Bold.otf in Resources */,
				9CD558662AAC4F2C0058A5C3 /* Preview Assets.xcassets in Resources */,
				04E149C72AAF4D5000BF6229 /* Gotham-Black.otf in Resources */,
				04E149C42AAF4D5000BF6229 /* Gotham-Medium.otf in Resources */,
				9CD558632AAC4F2C0058A5C3 /* Assets.xcassets in Resources */,
				04E149C82AAF4D5000BF6229 /* Gotham-MediumItalic.otf in Resources */,
				04E149C52AAF4D5000BF6229 /* Gotham-BlackItalic.otf in Resources */,
				04E149C92AAF4D5000BF6229 /* Gotham-Light.otf in Resources */,
				04E149C12AAF4D5000BF6229 /* Gotham-Book.otf in Resources */,
				04E149C62AAF4D5000BF6229 /* Gotham-BoldItalic.otf in Resources */,
				9CD5586D2AAC4FCD0058A5C3 /* GoogleService-Info.plist in Resources */,
			);
			runOnlyForDeploymentPostprocessing = 0;
		};
/* End PBXResourcesBuildPhase section */

/* Begin PBXSourcesBuildPhase section */
		9CD558572AAC4F2B0058A5C3 /* Sources */ = {
			isa = PBXSourcesBuildPhase;
			buildActionMask = 2147483647;
			files = (
				04E1499E2AAF4A2500BF6229 /* Modifier.swift in Sources */,
				9CD558612AAC4F2B0058A5C3 /* ContentView.swift in Sources */,
				9958D8572AAF841900F5F42E /* SplashScreenView.swift in Sources */,
				9CFE5E792AAC5DBB0000A801 /* TemporarySignUpView.swift in Sources */,
				9CB48F2E2AADA67300A07591 /* RootView.swift in Sources */,
				04E149D32AB03CEE00BF6229 /* TrackRowView.swift in Sources */,
				9958D8542AAF831200F5F42E /* CustomeTextField.swift in Sources */,
				9CB48F302AADA7D400A07591 /* TempSettingsView.swift in Sources */,
				9CFE5E7F2AAC610E0000A801 /* TempAuthenticationView.swift in Sources */,
				04E149B42AAF4B3500BF6229 /* PlayMusicView.swift in Sources */,
				9958D84D2AAF69EF00F5F42E /* LandingPageView.swift in Sources */,
				9CFE5E822AAC63E60000A801 /* AuthenticationManager.swift in Sources */,
				04E149D52AB0447000BF6229 /* QueueVIew.swift in Sources */,
				9CD5585F2AAC4F2B0058A5C3 /* Assignment3App.swift in Sources */,
				9958D8522AAF822B00F5F42E /* LoginView.swift in Sources */,
				04E149CC2AAF52A700BF6229 /* HeartButtonView.swift in Sources */,
				9958D8502AAF7E6300F5F42E /* viewModiferHelper.swift in Sources */,
			);
			runOnlyForDeploymentPostprocessing = 0;
		};
/* End PBXSourcesBuildPhase section */

/* Begin XCBuildConfiguration section */
		9CD558672AAC4F2C0058A5C3 /* Debug */ = {
			isa = XCBuildConfiguration;
			buildSettings = {
				ALWAYS_SEARCH_USER_PATHS = NO;
				CLANG_ANALYZER_NONNULL = YES;
				CLANG_ANALYZER_NUMBER_OBJECT_CONVERSION = YES_AGGRESSIVE;
				CLANG_CXX_LANGUAGE_STANDARD = "gnu++20";
				CLANG_ENABLE_MODULES = YES;
				CLANG_ENABLE_OBJC_ARC = YES;
				CLANG_ENABLE_OBJC_WEAK = YES;
				CLANG_WARN_BLOCK_CAPTURE_AUTORELEASING = YES;
				CLANG_WARN_BOOL_CONVERSION = YES;
				CLANG_WARN_COMMA = YES;
				CLANG_WARN_CONSTANT_CONVERSION = YES;
				CLANG_WARN_DEPRECATED_OBJC_IMPLEMENTATIONS = YES;
				CLANG_WARN_DIRECT_OBJC_ISA_USAGE = YES_ERROR;
				CLANG_WARN_DOCUMENTATION_COMMENTS = YES;
				CLANG_WARN_EMPTY_BODY = YES;
				CLANG_WARN_ENUM_CONVERSION = YES;
				CLANG_WARN_INFINITE_RECURSION = YES;
				CLANG_WARN_INT_CONVERSION = YES;
				CLANG_WARN_NON_LITERAL_NULL_CONVERSION = YES;
				CLANG_WARN_OBJC_IMPLICIT_RETAIN_SELF = YES;
				CLANG_WARN_OBJC_LITERAL_CONVERSION = YES;
				CLANG_WARN_OBJC_ROOT_CLASS = YES_ERROR;
				CLANG_WARN_QUOTED_INCLUDE_IN_FRAMEWORK_HEADER = YES;
				CLANG_WARN_RANGE_LOOP_ANALYSIS = YES;
				CLANG_WARN_STRICT_PROTOTYPES = YES;
				CLANG_WARN_SUSPICIOUS_MOVE = YES;
				CLANG_WARN_UNGUARDED_AVAILABILITY = YES_AGGRESSIVE;
				CLANG_WARN_UNREACHABLE_CODE = YES;
				CLANG_WARN__DUPLICATE_METHOD_MATCH = YES;
				COPY_PHASE_STRIP = NO;
				DEBUG_INFORMATION_FORMAT = dwarf;
				ENABLE_STRICT_OBJC_MSGSEND = YES;
				ENABLE_TESTABILITY = YES;
				GCC_C_LANGUAGE_STANDARD = gnu11;
				GCC_DYNAMIC_NO_PIC = NO;
				GCC_NO_COMMON_BLOCKS = YES;
				GCC_OPTIMIZATION_LEVEL = 0;
				GCC_PREPROCESSOR_DEFINITIONS = (
					"DEBUG=1",
					"$(inherited)",
				);
				GCC_WARN_64_TO_32_BIT_CONVERSION = YES;
				GCC_WARN_ABOUT_RETURN_TYPE = YES_ERROR;
				GCC_WARN_UNDECLARED_SELECTOR = YES;
				GCC_WARN_UNINITIALIZED_AUTOS = YES_AGGRESSIVE;
				GCC_WARN_UNUSED_FUNCTION = YES;
				GCC_WARN_UNUSED_VARIABLE = YES;
				IPHONEOS_DEPLOYMENT_TARGET = 16.4;
				MTL_ENABLE_DEBUG_INFO = INCLUDE_SOURCE;
				MTL_FAST_MATH = YES;
				ONLY_ACTIVE_ARCH = YES;
				SDKROOT = iphoneos;
				SWIFT_ACTIVE_COMPILATION_CONDITIONS = DEBUG;
				SWIFT_OPTIMIZATION_LEVEL = "-Onone";
			};
			name = Debug;
		};
		9CD558682AAC4F2C0058A5C3 /* Release */ = {
			isa = XCBuildConfiguration;
			buildSettings = {
				ALWAYS_SEARCH_USER_PATHS = NO;
				CLANG_ANALYZER_NONNULL = YES;
				CLANG_ANALYZER_NUMBER_OBJECT_CONVERSION = YES_AGGRESSIVE;
				CLANG_CXX_LANGUAGE_STANDARD = "gnu++20";
				CLANG_ENABLE_MODULES = YES;
				CLANG_ENABLE_OBJC_ARC = YES;
				CLANG_ENABLE_OBJC_WEAK = YES;
				CLANG_WARN_BLOCK_CAPTURE_AUTORELEASING = YES;
				CLANG_WARN_BOOL_CONVERSION = YES;
				CLANG_WARN_COMMA = YES;
				CLANG_WARN_CONSTANT_CONVERSION = YES;
				CLANG_WARN_DEPRECATED_OBJC_IMPLEMENTATIONS = YES;
				CLANG_WARN_DIRECT_OBJC_ISA_USAGE = YES_ERROR;
				CLANG_WARN_DOCUMENTATION_COMMENTS = YES;
				CLANG_WARN_EMPTY_BODY = YES;
				CLANG_WARN_ENUM_CONVERSION = YES;
				CLANG_WARN_INFINITE_RECURSION = YES;
				CLANG_WARN_INT_CONVERSION = YES;
				CLANG_WARN_NON_LITERAL_NULL_CONVERSION = YES;
				CLANG_WARN_OBJC_IMPLICIT_RETAIN_SELF = YES;
				CLANG_WARN_OBJC_LITERAL_CONVERSION = YES;
				CLANG_WARN_OBJC_ROOT_CLASS = YES_ERROR;
				CLANG_WARN_QUOTED_INCLUDE_IN_FRAMEWORK_HEADER = YES;
				CLANG_WARN_RANGE_LOOP_ANALYSIS = YES;
				CLANG_WARN_STRICT_PROTOTYPES = YES;
				CLANG_WARN_SUSPICIOUS_MOVE = YES;
				CLANG_WARN_UNGUARDED_AVAILABILITY = YES_AGGRESSIVE;
				CLANG_WARN_UNREACHABLE_CODE = YES;
				CLANG_WARN__DUPLICATE_METHOD_MATCH = YES;
				COPY_PHASE_STRIP = NO;
				DEBUG_INFORMATION_FORMAT = "dwarf-with-dsym";
				ENABLE_NS_ASSERTIONS = NO;
				ENABLE_STRICT_OBJC_MSGSEND = YES;
				GCC_C_LANGUAGE_STANDARD = gnu11;
				GCC_NO_COMMON_BLOCKS = YES;
				GCC_WARN_64_TO_32_BIT_CONVERSION = YES;
				GCC_WARN_ABOUT_RETURN_TYPE = YES_ERROR;
				GCC_WARN_UNDECLARED_SELECTOR = YES;
				GCC_WARN_UNINITIALIZED_AUTOS = YES_AGGRESSIVE;
				GCC_WARN_UNUSED_FUNCTION = YES;
				GCC_WARN_UNUSED_VARIABLE = YES;
				IPHONEOS_DEPLOYMENT_TARGET = 16.4;
				MTL_ENABLE_DEBUG_INFO = NO;
				MTL_FAST_MATH = YES;
				SDKROOT = iphoneos;
				SWIFT_COMPILATION_MODE = wholemodule;
				SWIFT_OPTIMIZATION_LEVEL = "-O";
				VALIDATE_PRODUCT = YES;
			};
			name = Release;
		};
		9CD5586A2AAC4F2C0058A5C3 /* Debug */ = {
			isa = XCBuildConfiguration;
			buildSettings = {
				ASSETCATALOG_COMPILER_APPICON_NAME = AppIcon;
				ASSETCATALOG_COMPILER_GLOBAL_ACCENT_COLOR_NAME = AccentColor;
				CODE_SIGN_STYLE = Automatic;
				CURRENT_PROJECT_VERSION = 1;
				DEVELOPMENT_ASSET_PATHS = "\"Assignment3/Preview Content\"";
				DEVELOPMENT_TEAM = 2YM2DVCY84;
				ENABLE_PREVIEWS = YES;
				GENERATE_INFOPLIST_FILE = YES;
				INFOPLIST_FILE = Assignment3/Info.plist;
				INFOPLIST_KEY_UIApplicationSceneManifest_Generation = YES;
				INFOPLIST_KEY_UIApplicationSupportsIndirectInputEvents = YES;
				INFOPLIST_KEY_UILaunchScreen_Generation = YES;
				INFOPLIST_KEY_UISupportedInterfaceOrientations_iPad = "UIInterfaceOrientationPortrait UIInterfaceOrientationPortraitUpsideDown UIInterfaceOrientationLandscapeLeft UIInterfaceOrientationLandscapeRight";
				INFOPLIST_KEY_UISupportedInterfaceOrientations_iPhone = "UIInterfaceOrientationPortrait UIInterfaceOrientationLandscapeLeft UIInterfaceOrientationLandscapeRight";
				LD_RUNPATH_SEARCH_PATHS = (
					"$(inherited)",
					"@executable_path/Frameworks",
				);
				MARKETING_VERSION = 1.0;
				PRODUCT_BUNDLE_IDENTIFIER = vn.edu.rmit.ben.Assignment3;
				PRODUCT_NAME = "$(TARGET_NAME)";
				SWIFT_EMIT_LOC_STRINGS = YES;
				SWIFT_VERSION = 5.0;
				TARGETED_DEVICE_FAMILY = "1,2";
			};
			name = Debug;
		};
		9CD5586B2AAC4F2C0058A5C3 /* Release */ = {
			isa = XCBuildConfiguration;
			buildSettings = {
				ASSETCATALOG_COMPILER_APPICON_NAME = AppIcon;
				ASSETCATALOG_COMPILER_GLOBAL_ACCENT_COLOR_NAME = AccentColor;
				CODE_SIGN_STYLE = Automatic;
				CURRENT_PROJECT_VERSION = 1;
				DEVELOPMENT_ASSET_PATHS = "\"Assignment3/Preview Content\"";
				DEVELOPMENT_TEAM = 2YM2DVCY84;
				ENABLE_PREVIEWS = YES;
				GENERATE_INFOPLIST_FILE = YES;
				INFOPLIST_FILE = Assignment3/Info.plist;
				INFOPLIST_KEY_UIApplicationSceneManifest_Generation = YES;
				INFOPLIST_KEY_UIApplicationSupportsIndirectInputEvents = YES;
				INFOPLIST_KEY_UILaunchScreen_Generation = YES;
				INFOPLIST_KEY_UISupportedInterfaceOrientations_iPad = "UIInterfaceOrientationPortrait UIInterfaceOrientationPortraitUpsideDown UIInterfaceOrientationLandscapeLeft UIInterfaceOrientationLandscapeRight";
				INFOPLIST_KEY_UISupportedInterfaceOrientations_iPhone = "UIInterfaceOrientationPortrait UIInterfaceOrientationLandscapeLeft UIInterfaceOrientationLandscapeRight";
				LD_RUNPATH_SEARCH_PATHS = (
					"$(inherited)",
					"@executable_path/Frameworks",
				);
				MARKETING_VERSION = 1.0;
				PRODUCT_BUNDLE_IDENTIFIER = vn.edu.rmit.ben.Assignment3;
				PRODUCT_NAME = "$(TARGET_NAME)";
				SWIFT_EMIT_LOC_STRINGS = YES;
				SWIFT_VERSION = 5.0;
				TARGETED_DEVICE_FAMILY = "1,2";
			};
			name = Release;
		};
/* End XCBuildConfiguration section */

/* Begin XCConfigurationList section */
		9CD558562AAC4F2A0058A5C3 /* Build configuration list for PBXProject "Assignment3" */ = {
			isa = XCConfigurationList;
			buildConfigurations = (
				9CD558672AAC4F2C0058A5C3 /* Debug */,
				9CD558682AAC4F2C0058A5C3 /* Release */,
			);
			defaultConfigurationIsVisible = 0;
			defaultConfigurationName = Release;
		};
		9CD558692AAC4F2C0058A5C3 /* Build configuration list for PBXNativeTarget "Assignment3" */ = {
			isa = XCConfigurationList;
			buildConfigurations = (
				9CD5586A2AAC4F2C0058A5C3 /* Debug */,
				9CD5586B2AAC4F2C0058A5C3 /* Release */,
			);
			defaultConfigurationIsVisible = 0;
			defaultConfigurationName = Release;
		};
/* End XCConfigurationList section */

/* Begin XCRemoteSwiftPackageReference section */
		9CD5586E2AAC50470058A5C3 /* XCRemoteSwiftPackageReference "firebase-ios-sdk" */ = {
			isa = XCRemoteSwiftPackageReference;
			repositoryURL = "https://github.com/firebase/firebase-ios-sdk.git";
			requirement = {
				kind = upToNextMajorVersion;
				minimumVersion = 10.0.0;
			};
		};
/* End XCRemoteSwiftPackageReference section */

/* Begin XCSwiftPackageProductDependency section */
		9CD5586F2AAC50470058A5C3 /* FirebaseAnalytics */ = {
			isa = XCSwiftPackageProductDependency;
			package = 9CD5586E2AAC50470058A5C3 /* XCRemoteSwiftPackageReference "firebase-ios-sdk" */;
			productName = FirebaseAnalytics;
		};
		9CD558712AAC50470058A5C3 /* FirebaseAnalyticsSwift */ = {
			isa = XCSwiftPackageProductDependency;
			package = 9CD5586E2AAC50470058A5C3 /* XCRemoteSwiftPackageReference "firebase-ios-sdk" */;
			productName = FirebaseAnalyticsSwift;
		};
		9CFE5E7C2AAC5F940000A801 /* FirebaseAuth */ = {
			isa = XCSwiftPackageProductDependency;
			package = 9CD5586E2AAC50470058A5C3 /* XCRemoteSwiftPackageReference "firebase-ios-sdk" */;
			productName = FirebaseAuth;
		};
/* End XCSwiftPackageProductDependency section */
	};
	rootObject = 9CD558532AAC4F2A0058A5C3 /* Project object */;
}
